
Microsoft Visual Studio Solution File, Format Version 11.00
# Visual Studio 15
Project("{8BC9CEB8-8B4A-11D0-8D11-00A0C91BC942}") = "3d", "3d.vcxproj", "{5920F013-3857-479B-AD40-C8A4A7091B40}"
EndProject
Project("{8BC9CEB8-8B4A-11D0-8D11-00A0C91BC942}") = "3d_multi", "3d_multi.vcxproj", "{15877C45-B087-4FD8-B454-5A99D0851FA9}"
EndProject
Project("{8BC9CEB8-8B4A-11D0-8D11-00A0C91BC942}") = "event_parameter", "event_parameter.vcxproj", "{C5D462BD-90CB-4C86-A0A1-7274457760DE}"
EndProject
Project("{8BC9CEB8-8B4A-11D0-8D11-00A0C91BC942}") = "load_banks", "load_banks.vcxproj", "{A848FD59-246A-4875-A038-43BAE17B1A19}"
EndProject
Project("{8BC9CEB8-8B4A-11D0-8D11-00A0C91BC942}") = "music_callbacks", "music_callbacks.vcxproj", "{5E13D1EE-903D-487F-80BD-7DB2C67CBB5D}"
EndProject
Project("{8BC9CEB8-8B4A-11D0-8D11-00A0C91BC942}") = "objectpan", "objectpan.vcxproj", "{F55FD420-A41C-4DFA-B95B-BDC45A4F7589}"
EndProject
Project("{8BC9CEB8-8B4A-11D0-8D11-00A0C91BC942}") = "programmer_sound", "programmer_sound.vcxproj", "{B6D6370D-16AA-49CE-9632-6D3738553F6D}"
EndProject
Project("{8BC9CEB8-8B4A-11D0-8D11-00A0C91BC942}") = "recording_playback", "recording_playback.vcxproj", "{32B9D78B-1A14-472A-8625-EEB3BDEC9B5B}"
EndProject
Project("{8BC9CEB8-8B4A-11D0-8D11-00A0C91BC942}") = "simple_event", "simple_event.vcxproj", "{3F67836D-2FA0-436F-B821-A7C36465B74E}"
EndProject
Global
	GlobalSection(SolutionConfigurationPlatforms) = preSolution
		Debug|Win32 = Debug|Win32
		Debug|x64 = Debug|x64
		Debug|ARM64 = Debug|ARM64
		Release|Win32 = Release|Win32
		Release|x64 = Release|x64
		Release|ARM64 = Release|ARM64
	EndGlobalSection
	GlobalSection(ProjectConfigurationPlatforms) = postSolution
		{5920F013-3857-479B-AD40-C8A4A7091B40}.Debug|Win32.ActiveCfg = Debug|Win32
		{5920F013-3857-479B-AD40-C8A4A7091B40}.Debug|Win32.Build.0 = Debug|Win32
		{5920F013-3857-479B-AD40-C8A4A7091B40}.Debug|Win32.Deploy.0 = Debug|Win32
		{5920F013-3857-479B-AD40-C8A4A7091B40}.Debug|x64.ActiveCfg = Debug|x64
		{5920F013-3857-479B-AD40-C8A4A7091B40}.Debug|x64.Build.0 = Debug|x64
		{5920F013-3857-479B-AD40-C8A4A7091B40}.Debug|x64.Deploy.0 = Debug|x64
		{5920F013-3857-479B-AD40-C8A4A7091B40}.Debug|ARM64.ActiveCfg = Debug|ARM64
		{5920F013-3857-479B-AD40-C8A4A7091B40}.Debug|ARM64.Build.0 = Debug|ARM64
		{5920F013-3857-479B-AD40-C8A4A7091B40}.Debug|ARM64.Deploy.0 = Debug|ARM64
		{5920F013-3857-479B-AD40-C8A4A7091B40}.Release|Win32.ActiveCfg = Release|Win32
		{5920F013-3857-479B-AD40-C8A4A7091B40}.Release|Win32.Build.0 = Release|Win32
		{5920F013-3857-479B-AD40-C8A4A7091B40}.Release|Win32.Deploy.0 = Release|Win32
		{5920F013-3857-479B-AD40-C8A4A7091B40}.Release|x64.ActiveCfg = Release|x64
		{5920F013-3857-479B-AD40-C8A4A7091B40}.Release|x64.Build.0 = Release|x64
		{5920F013-3857-479B-AD40-C8A4A7091B40}.Release|x64.Deploy.0 = Release|x64
		{5920F013-3857-479B-AD40-C8A4A7091B40}.Release|ARM64.ActiveCfg = Release|ARM64
		{5920F013-3857-479B-AD40-C8A4A7091B40}.Release|ARM64.Build.0 = Release|ARM64
		{5920F013-3857-479B-AD40-C8A4A7091B40}.Release|ARM64.Deploy.0 = Release|ARM64
		{15877C45-B087-4FD8-B454-5A99D0851FA9}.Debug|Win32.ActiveCfg = Debug|Win32
		{15877C45-B087-4FD8-B454-5A99D0851FA9}.Debug|Win32.Build.0 = Debug|Win32
		{15877C45-B087-4FD8-B454-5A99D0851FA9}.Debug|Win32.Deploy.0 = Debug|Win32
		{15877C45-B087-4FD8-B454-5A99D0851FA9}.Debug|x64.ActiveCfg = Debug|x64
		{15877C45-B087-4FD8-B454-5A99D0851FA9}.Debug|x64.Build.0 = Debug|x64
		{15877C45-B087-4FD8-B454-5A99D0851FA9}.Debug|x64.Deploy.0 = Debug|x64
		{15877C45-B087-4FD8-B454-5A99D0851FA9}.Debug|ARM64.ActiveCfg = Debug|ARM64
		{15877C45-B087-4FD8-B454-5A99D0851FA9}.Debug|ARM64.Build.0 = Debug|ARM64
		{15877C45-B087-4FD8-B454-5A99D0851FA9}.Debug|ARM64.Deploy.0 = Debug|ARM64
		{15877C45-B087-4FD8-B454-5A99D0851FA9}.Release|Win32.ActiveCfg = Release|Win32
		{15877C45-B087-4FD8-B454-5A99D0851FA9}.Release|Win32.Build.0 = Release|Win32
		{15877C45-B087-4FD8-B454-5A99D0851FA9}.Release|Win32.Deploy.0 = Release|Win32
		{15877C45-B087-4FD8-B454-5A99D0851FA9}.Release|x64.ActiveCfg = Release|x64
		{15877C45-B087-4FD8-B454-5A99D0851FA9}.Release|x64.Build.0 = Release|x64
		{15877C45-B087-4FD8-B454-5A99D0851FA9}.Release|x64.Deploy.0 = Release|x64
		{15877C45-B087-4FD8-B454-5A99D0851FA9}.Release|ARM64.ActiveCfg = Release|ARM64
		{15877C45-B087-4FD8-B454-5A99D0851FA9}.Release|ARM64.Build.0 = Release|ARM64
		{15877C45-B087-4FD8-B454-5A99D0851FA9}.Release|ARM64.Deploy.0 = Release|ARM64
		{C5D462BD-90CB-4C86-A0A1-7274457760DE}.Debug|Win32.ActiveCfg = Debug|Win32
		{C5D462BD-90CB-4C86-A0A1-7274457760DE}.Debug|Win32.Build.0 = Debug|Win32
		{C5D462BD-90CB-4C86-A0A1-7274457760DE}.Debug|Win32.Deploy.0 = Debug|Win32
		{C5D462BD-90CB-4C86-A0A1-7274457760DE}.Debug|x64.ActiveCfg = Debug|x64
		{C5D462BD-90CB-4C86-A0A1-7274457760DE}.Debug|x64.Build.0 = Debug|x64
		{C5D462BD-90CB-4C86-A0A1-7274457760DE}.Debug|x64.Deploy.0 = Debug|x64
		{C5D462BD-90CB-4C86-A0A1-7274457760DE}.Debug|ARM64.ActiveCfg = Debug|ARM64
		{C5D462BD-90CB-4C86-A0A1-7274457760DE}.Debug|ARM64.Build.0 = Debug|ARM64
		{C5D462BD-90CB-4C86-A0A1-7274457760DE}.Debug|ARM64.Deploy.0 = Debug|ARM64
		{C5D462BD-90CB-4C86-A0A1-7274457760DE}.Release|Win32.ActiveCfg = Release|Win32
		{C5D462BD-90CB-4C86-A0A1-7274457760DE}.Release|Win32.Build.0 = Release|Win32
		{C5D462BD-90CB-4C86-A0A1-7274457760DE}.Release|Win32.Deploy.0 = Release|Win32
		{C5D462BD-90CB-4C86-A0A1-7274457760DE}.Release|x64.ActiveCfg = Release|x64
		{C5D462BD-90CB-4C86-A0A1-7274457760DE}.Release|x64.Build.0 = Release|x64
		{C5D462BD-90CB-4C86-A0A1-7274457760DE}.Release|x64.Deploy.0 = Release|x64
		{C5D462BD-90CB-4C86-A0A1-7274457760DE}.Release|ARM64.ActiveCfg = Release|ARM64
		{C5D462BD-90CB-4C86-A0A1-7274457760DE}.Release|ARM64.Build.0 = Release|ARM64
		{C5D462BD-90CB-4C86-A0A1-7274457760DE}.Release|ARM64.Deploy.0 = Release|ARM64
		{A848FD59-246A-4875-A038-43BAE17B1A19}.Debug|Win32.ActiveCfg = Debug|Win32
		{A848FD59-246A-4875-A038-43BAE17B1A19}.Debug|Win32.Build.0 = Debug|Win32
		{A848FD59-246A-4875-A038-43BAE17B1A19}.Debug|Win32.Deploy.0 = Debug|Win32
		{A848FD59-246A-4875-A038-43BAE17B1A19}.Debug|x64.ActiveCfg = Debug|x64
		{A848FD59-246A-4875-A038-43BAE17B1A19}.Debug|x64.Build.0 = Debug|x64
		{A848FD59-246A-4875-A038-43BAE17B1A19}.Debug|x64.Deploy.0 = Debug|x64
		{A848FD59-246A-4875-A038-43BAE17B1A19}.Debug|ARM64.ActiveCfg = Debug|ARM64
		{A848FD59-246A-4875-A038-43BAE17B1A19}.Debug|ARM64.Build.0 = Debug|ARM64
		{A848FD59-246A-4875-A038-43BAE17B1A19}.Debug|ARM64.Deploy.0 = Debug|ARM64
		{A848FD59-246A-4875-A038-43BAE17B1A19}.Release|Win32.ActiveCfg = Release|Win32
		{A848FD59-246A-4875-A038-43BAE17B1A19}.Release|Win32.Build.0 = Release|Win32
		{A848FD59-246A-4875-A038-43BAE17B1A19}.Release|Win32.Deploy.0 = Release|Win32
		{A848FD59-246A-4875-A038-43BAE17B1A19}.Release|x64.ActiveCfg = Release|x64
		{A848FD59-246A-4875-A038-43BAE17B1A19}.Release|x64.Build.0 = Release|x64
		{A848FD59-246A-4875-A038-43BAE17B1A19}.Release|x64.Deploy.0 = Release|x64
		{A848FD59-246A-4875-A038-43BAE17B1A19}.Release|ARM64.ActiveCfg = Release|ARM64
		{A848FD59-246A-4875-A038-43BAE17B1A19}.Release|ARM64.Build.0 = Release|ARM64
		{A848FD59-246A-4875-A038-43BAE17B1A19}.Release|ARM64.Deploy.0 = Release|ARM64
		{5E13D1EE-903D-487F-80BD-7DB2C67CBB5D}.Debug|Win32.ActiveCfg = Debug|Win32
		{5E13D1EE-903D-487F-80BD-7DB2C67CBB5D}.Debug|Win32.Build.0 = Debug|Win32
		{5E13D1EE-903D-487F-80BD-7DB2C67CBB5D}.Debug|Win32.Deploy.0 = Debug|Win32
		{5E13D1EE-903D-487F-80BD-7DB2C67CBB5D}.Debug|x64.ActiveCfg = Debug|x64
		{5E13D1EE-903D-487F-80BD-7DB2C67CBB5D}.Debug|x64.Build.0 = Debug|x64
		{5E13D1EE-903D-487F-80BD-7DB2C67CBB5D}.Debug|x64.Deploy.0 = Debug|x64
		{5E13D1EE-903D-487F-80BD-7DB2C67CBB5D}.Debug|ARM64.ActiveCfg = Debug|ARM64
		{5E13D1EE-903D-487F-80BD-7DB2C67CBB5D}.Debug|ARM64.Build.0 = Debug|ARM64
		{5E13D1EE-903D-487F-80BD-7DB2C67CBB5D}.Debug|ARM64.Deploy.0 = Debug|ARM64
		{5E13D1EE-903D-487F-80BD-7DB2C67CBB5D}.Release|Win32.ActiveCfg = Release|Win32
		{5E13D1EE-903D-487F-80BD-7DB2C67CBB5D}.Release|Win32.Build.0 = Release|Win32
		{5E13D1EE-903D-487F-80BD-7DB2C67CBB5D}.Release|Win32.Deploy.0 = Release|Win32
		{5E13D1EE-903D-487F-80BD-7DB2C67CBB5D}.Release|x64.ActiveCfg = Release|x64
		{5E13D1EE-903D-487F-80BD-7DB2C67CBB5D}.Release|x64.Build.0 = Release|x64
		{5E13D1EE-903D-487F-80BD-7DB2C67CBB5D}.Release|x64.Deploy.0 = Release|x64
		{5E13D1EE-903D-487F-80BD-7DB2C67CBB5D}.Release|ARM64.ActiveCfg = Release|ARM64
		{5E13D1EE-903D-487F-80BD-7DB2C67CBB5D}.Release|ARM64.Build.0 = Release|ARM64
		{5E13D1EE-903D-487F-80BD-7DB2C67CBB5D}.Release|ARM64.Deploy.0 = Release|ARM64
		{F55FD420-A41C-4DFA-B95B-BDC45A4F7589}.Debug|Win32.ActiveCfg = Debug|Win32
		{F55FD420-A41C-4DFA-B95B-BDC45A4F7589}.Debug|Win32.Build.0 = Debug|Win32
		{F55FD420-A41C-4DFA-B95B-BDC45A4F7589}.Debug|Win32.Deploy.0 = Debug|Win32
		{F55FD420-A41C-4DFA-B95B-BDC45A4F7589}.Debug|x64.ActiveCfg = Debug|x64
		{F55FD420-A41C-4DFA-B95B-BDC45A4F7589}.Debug|x64.Build.0 = Debug|x64
		{F55FD420-A41C-4DFA-B95B-BDC45A4F7589}.Debug|x64.Deploy.0 = Debug|x64
		{F55FD420-A41C-4DFA-B95B-BDC45A4F7589}.Debug|ARM64.ActiveCfg = Debug|ARM64
		{F55FD420-A41C-4DFA-B95B-BDC45A4F7589}.Debug|ARM64.Build.0 = Debug|ARM64
		{F55FD420-A41C-4DFA-B95B-BDC45A4F7589}.Debug|ARM64.Deploy.0 = Debug|ARM64
		{F55FD420-A41C-4DFA-B95B-BDC45A4F7589}.Release|Win32.ActiveCfg = Release|Win32
		{F55FD420-A41C-4DFA-B95B-BDC45A4F7589}.Release|Win32.Build.0 = Release|Win32
		{F55FD420-A41C-4DFA-B95B-BDC45A4F7589}.Release|Win32.Deploy.0 = Release|Win32
		{F55FD420-A41C-4DFA-B95B-BDC45A4F7589}.Release|x64.ActiveCfg = Release|x64
		{F55FD420-A41C-4DFA-B95B-BDC45A4F7589}.Release|x64.Build.0 = Release|x64
		{F55FD420-A41C-4DFA-B95B-BDC45A4F7589}.Release|x64.Deploy.0 = Release|x64
		{F55FD420-A41C-4DFA-B95B-BDC45A4F7589}.Release|ARM64.ActiveCfg = Release|ARM64
		{F55FD420-A41C-4DFA-B95B-BDC45A4F7589}.Release|ARM64.Build.0 = Release|ARM64
		{F55FD420-A41C-4DFA-B95B-BDC45A4F7589}.Release|ARM64.Deploy.0 = Release|ARM64
		{B6D6370D-16AA-49CE-9632-6D3738553F6D}.Debug|Win32.ActiveCfg = Debug|Win32
		{B6D6370D-16AA-49CE-9632-6D3738553F6D}.Debug|Win32.Build.0 = Debug|Win32
		{B6D6370D-16AA-49CE-9632-6D3738553F6D}.Debug|Win32.Deploy.0 = Debug|Win32
		{B6D6370D-16AA-49CE-9632-6D3738553F6D}.Debug|x64.ActiveCfg = Debug|x64
		{B6D6370D-16AA-49CE-9632-6D3738553F6D}.Debug|x64.Build.0 = Debug|x64
		{B6D6370D-16AA-49CE-9632-6D3738553F6D}.Debug|x64.Deploy.0 = Debug|x64
		{B6D6370D-16AA-49CE-9632-6D3738553F6D}.Debug|ARM64.ActiveCfg = Debug|ARM64
		{B6D6370D-16AA-49CE-9632-6D3738553F6D}.Debug|ARM64.Build.0 = Debug|ARM64
		{B6D6370D-16AA-49CE-9632-6D3738553F6D}.Debug|ARM64.Deploy.0 = Debug|ARM64
		{B6D6370D-16AA-49CE-9632-6D3738553F6D}.Release|Win32.ActiveCfg = Release|Win32
		{B6D6370D-16AA-49CE-9632-6D3738553F6D}.Release|Win32.Build.0 = Release|Win32
		{B6D6370D-16AA-49CE-9632-6D3738553F6D}.Release|Win32.Deploy.0 = Release|Win32
		{B6D6370D-16AA-49CE-9632-6D3738553F6D}.Release|x64.ActiveCfg = Release|x64
		{B6D6370D-16AA-49CE-9632-6D3738553F6D}.Release|x64.Build.0 = Release|x64
		{B6D6370D-16AA-49CE-9632-6D3738553F6D}.Release|x64.Deploy.0 = Release|x64
		{B6D6370D-16AA-49CE-9632-6D3738553F6D}.Release|ARM64.ActiveCfg = Release|ARM64
		{B6D6370D-16AA-49CE-9632-6D3738553F6D}.Release|ARM64.Build.0 = Release|ARM64
		{B6D6370D-16AA-49CE-9632-6D3738553F6D}.Release|ARM64.Deploy.0 = Release|ARM64
		{32B9D78B-1A14-472A-8625-EEB3BDEC9B5B}.Debug|Win32.ActiveCfg = Debug|Win32
		{32B9D78B-1A14-472A-8625-EEB3BDEC9B5B}.Debug|Win32.Build.0 = Debug|Win32
		{32B9D78B-1A14-472A-8625-EEB3BDEC9B5B}.Debug|Win32.Deploy.0 = Debug|Win32
		{32B9D78B-1A14-472A-8625-EEB3BDEC9B5B}.Debug|x64.ActiveCfg = Debug|x64
		{32B9D78B-1A14-472A-8625-EEB3BDEC9B5B}.Debug|x64.Build.0 = Debug|x64
		{32B9D78B-1A14-472A-8625-EEB3BDEC9B5B}.Debug|x64.Deploy.0 = Debug|x64
		{32B9D78B-1A14-472A-8625-EEB3BDEC9B5B}.Debug|ARM64.ActiveCfg = Debug|ARM64
		{32B9D78B-1A14-472A-8625-EEB3BDEC9B5B}.Debug|ARM64.Build.0 = Debug|ARM64
		{32B9D78B-1A14-472A-8625-EEB3BDEC9B5B}.Debug|ARM64.Deploy.0 = Debug|ARM64
		{32B9D78B-1A14-472A-8625-EEB3BDEC9B5B}.Release|Win32.ActiveCfg = Release|Win32
		{32B9D78B-1A14-472A-8625-EEB3BDEC9B5B}.Release|Win32.Build.0 = Release|Win32
		{32B9D78B-1A14-472A-8625-EEB3BDEC9B5B}.Release|Win32.Deploy.0 = Release|Win32
		{32B9D78B-1A14-472A-8625-EEB3BDEC9B5B}.Release|x64.ActiveCfg = Release|x64
		{32B9D78B-1A14-472A-8625-EEB3BDEC9B5B}.Release|x64.Build.0 = Release|x64
		{32B9D78B-1A14-472A-8625-EEB3BDEC9B5B}.Release|x64.Deploy.0 = Release|x64
		{32B9D78B-1A14-472A-8625-EEB3BDEC9B5B}.Release|ARM64.ActiveCfg = Release|ARM64
		{32B9D78B-1A14-472A-8625-EEB3BDEC9B5B}.Release|ARM64.Build.0 = Release|ARM64
		{32B9D78B-1A14-472A-8625-EEB3BDEC9B5B}.Release|ARM64.Deploy.0 = Release|ARM64
		{3F67836D-2FA0-436F-B821-A7C36465B74E}.Debug|Win32.ActiveCfg = Debug|Win32
		{3F67836D-2FA0-436F-B821-A7C36465B74E}.Debug|Win32.Build.0 = Debug|Win32
		{3F67836D-2FA0-436F-B821-A7C36465B74E}.Debug|Win32.Deploy.0 = Debug|Win32
		{3F67836D-2FA0-436F-B821-A7C36465B74E}.Debug|x64.ActiveCfg = Debug|x64
		{3F67836D-2FA0-436F-B821-A7C36465B74E}.Debug|x64.Build.0 = Debug|x64
		{3F67836D-2FA0-436F-B821-A7C36465B74E}.Debug|x64.Deploy.0 = Debug|x64
		{3F67836D-2FA0-436F-B821-A7C36465B74E}.Debug|ARM64.ActiveCfg = Debug|ARM64
		{3F67836D-2FA0-436F-B821-A7C36465B74E}.Debug|ARM64.Build.0 = Debug|ARM64
		{3F67836D-2FA0-436F-B821-A7C36465B74E}.Debug|ARM64.Deploy.0 = Debug|ARM64
		{3F67836D-2FA0-436F-B821-A7C36465B74E}.Release|Win32.ActiveCfg = Release|Win32
		{3F67836D-2FA0-436F-B821-A7C36465B74E}.Release|Win32.Build.0 = Release|Win32
		{3F67836D-2FA0-436F-B821-A7C36465B74E}.Release|Win32.Deploy.0 = Release|Win32
		{3F67836D-2FA0-436F-B821-A7C36465B74E}.Release|x64.ActiveCfg = Release|x64
		{3F67836D-2FA0-436F-B821-A7C36465B74E}.Release|x64.Build.0 = Release|x64
		{3F67836D-2FA0-436F-B821-A7C36465B74E}.Release|x64.Deploy.0 = Release|x64
		{3F67836D-2FA0-436F-B821-A7C36465B74E}.Release|ARM64.ActiveCfg = Release|ARM64
		{3F67836D-2FA0-436F-B821-A7C36465B74E}.Release|ARM64.Build.0 = Release|ARM64
		{3F67836D-2FA0-436F-B821-A7C36465B74E}.Release|ARM64.Deploy.0 = Release|ARM64
	EndGlobalSection
	GlobalSection(SolutionProperties) = preSolution
		HideSolutionNode = FALSE
	EndGlobalSection
EndGlobal
