
Microsoft Visual Studio Solution File, Format Version 11.00
# Visual Studio Version 16
Project("{8BC9CEB8-8B4A-11D0-8D11-00A0C91BC942}") = "3d", "3d.vcxproj", "{2CB980A1-DE67-4A11-91F7-10FB55F11CF7}"
EndProject
Project("{8BC9CEB8-8B4A-11D0-8D11-00A0C91BC942}") = "asyncio", "asyncio.vcxproj", "{74224799-DB55-4B4D-B3DC-C3AE537CF936}"
EndProject
Project("{8BC9CEB8-8B4A-11D0-8D11-00A0C91BC942}") = "channel_groups", "channel_groups.vcxproj", "{F2DD15E2-C56A-4653-9A58-5CE9F17DAD97}"
EndProject
Project("{8BC9CEB8-8B4A-11D0-8D11-00A0C91BC942}") = "convolution_reverb", "convolution_reverb.vcxproj", "{3F954113-B1B2-4816-9731-62C411ED3315}"
EndProject
Project("{8BC9CEB8-8B4A-11D0-8D11-00A0C91BC942}") = "dsp_custom", "dsp_custom.vcxproj", "{C410B4F4-CE65-43F6-B633-4BC479D649B5}"
EndProject
Project("{8BC9CEB8-8B4A-11D0-8D11-00A0C91BC942}") = "dsp_effect_per_speaker", "dsp_effect_per_speaker.vcxproj", "{03E61232-24E8-44B2-B3A7-A306F29978FD}"
EndProject
Project("{8BC9CEB8-8B4A-11D0-8D11-00A0C91BC942}") = "dsp_inspector", "dsp_inspector.vcxproj", "{D942E886-A307-48A7-86E8-0B40FB960287}"
EndProject
Project("{8BC9CEB8-8B4A-11D0-8D11-00A0C91BC942}") = "effects", "effects.vcxproj", "{E1A2068A-30E8-4D4D-920F-0D6EC3FF5E58}"
EndProject
Project("{8BC9CEB8-8B4A-11D0-8D11-00A0C91BC942}") = "gapless_playback", "gapless_playback.vcxproj", "{F1C8C947-5F6F-4EBE-967D-8F14D1D5F425}"
EndProject
Project("{8BC9CEB8-8B4A-11D0-8D11-00A0C91BC942}") = "generate_tone", "generate_tone.vcxproj", "{D75522BB-308A-4186-A234-776D76803517}"
EndProject
Project("{8BC9CEB8-8B4A-11D0-8D11-00A0C91BC942}") = "granular_synth", "granular_synth.vcxproj", "{C40AD506-96C1-448E-8915-FA7EDBAB958A}"
EndProject
Project("{8BC9CEB8-8B4A-11D0-8D11-00A0C91BC942}") = "load_from_memory", "load_from_memory.vcxproj", "{B49204B2-8EE4-450F-93B3-E2BD33580153}"
EndProject
Project("{8BC9CEB8-8B4A-11D0-8D11-00A0C91BC942}") = "multiple_speaker", "multiple_speaker.vcxproj", "{2D613191-729E-475F-B151-36B636C8D8E4}"
EndProject
Project("{8BC9CEB8-8B4A-11D0-8D11-00A0C91BC942}") = "multiple_system", "multiple_system.vcxproj", "{499CF6A8-EABB-46E3-8501-B0E05C85AE18}"
EndProject
Project("{8BC9CEB8-8B4A-11D0-8D11-00A0C91BC942}") = "net_stream", "net_stream.vcxproj", "{CC8A7C3C-5F5B-48A5-9BDF-DF4B32E0F3A6}"
EndProject
Project("{8BC9CEB8-8B4A-11D0-8D11-00A0C91BC942}") = "play_sound", "play_sound.vcxproj", "{8FE45BFF-243F-4197-9479-27BD9154C26C}"
EndProject
Project("{8BC9CEB8-8B4A-11D0-8D11-00A0C91BC942}") = "play_stream", "play_stream.vcxproj", "{90B6B8C5-C2A3-4CE3-B1F0-FA2ABF12F88F}"
EndProject
Project("{8BC9CEB8-8B4A-11D0-8D11-00A0C91BC942}") = "record", "record.vcxproj", "{11DA44FA-2EF2-43F6-BEA8-FCAA003A1D12}"
EndProject
Project("{8BC9CEB8-8B4A-11D0-8D11-00A0C91BC942}") = "record_enumeration", "record_enumeration.vcxproj", "{5DB6ADD0-ED8A-48B6-9658-31F7CF9F34A8}"
EndProject
Project("{8BC9CEB8-8B4A-11D0-8D11-00A0C91BC942}") = "user_created_sound", "user_created_sound.vcxproj", "{04398781-397F-44BA-921C-562C19B4691F}"
EndProject
Project("{8BC9CEB8-8B4A-11D0-8D11-00A0C91BC942}") = "fmod_codec_raw", "fmod_codec_raw.vcxproj", "{82A217A6-CD66-4690-96DF-0D76D78FEF73}"
EndProject
Project("{8BC9CEB8-8B4A-11D0-8D11-00A0C91BC942}") = "fmod_distance_filter", "fmod_distance_filter.vcxproj", "{70543E33-EBFA-4901-8D40-338D8102C3A3}"
EndProject
Project("{8BC9CEB8-8B4A-11D0-8D11-00A0C91BC942}") = "fmod_gain", "fmod_gain.vcxproj", "{F12E4A3C-9F19-4506-BA53-90307770DE08}"
EndProject
Project("{8BC9CEB8-8B4A-11D0-8D11-00A0C91BC942}") = "fmod_noise", "fmod_noise.vcxproj", "{210BF7FF-711B-47C6-8E2A-6BE00D04E32F}"
EndProject
Project("{8BC9CEB8-8B4A-11D0-8D11-00A0C91BC942}") = "fmod_rnbo", "fmod_rnbo.vcxproj", "{D19C83BE-96AA-4756-BEBF-16948349F708}"
EndProject
Project("{8BC9CEB8-8B4A-11D0-8D11-00A0C91BC942}") = "output_mp3", "output_mp3.vcxproj", "{CC3712C6-76C5-4EF4-B23C-5B33FD1F85DD}"
EndProject
Global
	GlobalSection(SolutionConfigurationPlatforms) = preSolution
		Debug|Win32 = Debug|Win32
		Debug|x64 = Debug|x64
		Debug|ARM64 = Debug|ARM64
		Release|Win32 = Release|Win32
		Release|x64 = Release|x64
		Release|ARM64 = Release|ARM64
	EndGlobalSection
	GlobalSection(ProjectConfigurationPlatforms) = postSolution
		{2CB980A1-DE67-4A11-91F7-10FB55F11CF7}.Debug|Win32.ActiveCfg = Debug|Win32
		{2CB980A1-DE67-4A11-91F7-10FB55F11CF7}.Debug|Win32.Build.0 = Debug|Win32
		{2CB980A1-DE67-4A11-91F7-10FB55F11CF7}.Debug|Win32.Deploy.0 = Debug|Win32
		{2CB980A1-DE67-4A11-91F7-10FB55F11CF7}.Debug|x64.ActiveCfg = Debug|x64
		{2CB980A1-DE67-4A11-91F7-10FB55F11CF7}.Debug|x64.Build.0 = Debug|x64
		{2CB980A1-DE67-4A11-91F7-10FB55F11CF7}.Debug|x64.Deploy.0 = Debug|x64
		{2CB980A1-DE67-4A11-91F7-10FB55F11CF7}.Debug|ARM64.ActiveCfg = Debug|ARM64
		{2CB980A1-DE67-4A11-91F7-10FB55F11CF7}.Debug|ARM64.Build.0 = Debug|ARM64
		{2CB980A1-DE67-4A11-91F7-10FB55F11CF7}.Debug|ARM64.Deploy.0 = Debug|ARM64
		{2CB980A1-DE67-4A11-91F7-10FB55F11CF7}.Release|Win32.ActiveCfg = Release|Win32
		{2CB980A1-DE67-4A11-91F7-10FB55F11CF7}.Release|Win32.Build.0 = Release|Win32
		{2CB980A1-DE67-4A11-91F7-10FB55F11CF7}.Release|Win32.Deploy.0 = Release|Win32
		{2CB980A1-DE67-4A11-91F7-10FB55F11CF7}.Release|x64.ActiveCfg = Release|x64
		{2CB980A1-DE67-4A11-91F7-10FB55F11CF7}.Release|x64.Build.0 = Release|x64
		{2CB980A1-DE67-4A11-91F7-10FB55F11CF7}.Release|x64.Deploy.0 = Release|x64
		{2CB980A1-DE67-4A11-91F7-10FB55F11CF7}.Release|ARM64.ActiveCfg = Release|ARM64
		{2CB980A1-DE67-4A11-91F7-10FB55F11CF7}.Release|ARM64.Build.0 = Release|ARM64
		{2CB980A1-DE67-4A11-91F7-10FB55F11CF7}.Release|ARM64.Deploy.0 = Release|ARM64
		{74224799-DB55-4B4D-B3DC-C3AE537CF936}.Debug|Win32.ActiveCfg = Debug|Win32
		{74224799-DB55-4B4D-B3DC-C3AE537CF936}.Debug|Win32.Build.0 = Debug|Win32
		{74224799-DB55-4B4D-B3DC-C3AE537CF936}.Debug|Win32.Deploy.0 = Debug|Win32
		{74224799-DB55-4B4D-B3DC-C3AE537CF936}.Debug|x64.ActiveCfg = Debug|x64
		{74224799-DB55-4B4D-B3DC-C3AE537CF936}.Debug|x64.Build.0 = Debug|x64
		{74224799-DB55-4B4D-B3DC-C3AE537CF936}.Debug|x64.Deploy.0 = Debug|x64
		{74224799-DB55-4B4D-B3DC-C3AE537CF936}.Debug|ARM64.ActiveCfg = Debug|ARM64
		{74224799-DB55-4B4D-B3DC-C3AE537CF936}.Debug|ARM64.Build.0 = Debug|ARM64
		{74224799-DB55-4B4D-B3DC-C3AE537CF936}.Debug|ARM64.Deploy.0 = Debug|ARM64
		{74224799-DB55-4B4D-B3DC-C3AE537CF936}.Release|Win32.ActiveCfg = Release|Win32
		{74224799-DB55-4B4D-B3DC-C3AE537CF936}.Release|Win32.Build.0 = Release|Win32
		{74224799-DB55-4B4D-B3DC-C3AE537CF936}.Release|Win32.Deploy.0 = Release|Win32
		{74224799-DB55-4B4D-B3DC-C3AE537CF936}.Release|x64.ActiveCfg = Release|x64
		{74224799-DB55-4B4D-B3DC-C3AE537CF936}.Release|x64.Build.0 = Release|x64
		{74224799-DB55-4B4D-B3DC-C3AE537CF936}.Release|x64.Deploy.0 = Release|x64
		{74224799-DB55-4B4D-B3DC-C3AE537CF936}.Release|ARM64.ActiveCfg = Release|ARM64
		{74224799-DB55-4B4D-B3DC-C3AE537CF936}.Release|ARM64.Build.0 = Release|ARM64
		{74224799-DB55-4B4D-B3DC-C3AE537CF936}.Release|ARM64.Deploy.0 = Release|ARM64
		{F2DD15E2-C56A-4653-9A58-5CE9F17DAD97}.Debug|Win32.ActiveCfg = Debug|Win32
		{F2DD15E2-C56A-4653-9A58-5CE9F17DAD97}.Debug|Win32.Build.0 = Debug|Win32
		{F2DD15E2-C56A-4653-9A58-5CE9F17DAD97}.Debug|Win32.Deploy.0 = Debug|Win32
		{F2DD15E2-C56A-4653-9A58-5CE9F17DAD97}.Debug|x64.ActiveCfg = Debug|x64
		{F2DD15E2-C56A-4653-9A58-5CE9F17DAD97}.Debug|x64.Build.0 = Debug|x64
		{F2DD15E2-C56A-4653-9A58-5CE9F17DAD97}.Debug|x64.Deploy.0 = Debug|x64
		{F2DD15E2-C56A-4653-9A58-5CE9F17DAD97}.Debug|ARM64.ActiveCfg = Debug|ARM64
		{F2DD15E2-C56A-4653-9A58-5CE9F17DAD97}.Debug|ARM64.Build.0 = Debug|ARM64
		{F2DD15E2-C56A-4653-9A58-5CE9F17DAD97}.Debug|ARM64.Deploy.0 = Debug|ARM64
		{F2DD15E2-C56A-4653-9A58-5CE9F17DAD97}.Release|Win32.ActiveCfg = Release|Win32
		{F2DD15E2-C56A-4653-9A58-5CE9F17DAD97}.Release|Win32.Build.0 = Release|Win32
		{F2DD15E2-C56A-4653-9A58-5CE9F17DAD97}.Release|Win32.Deploy.0 = Release|Win32
		{F2DD15E2-C56A-4653-9A58-5CE9F17DAD97}.Release|x64.ActiveCfg = Release|x64
		{F2DD15E2-C56A-4653-9A58-5CE9F17DAD97}.Release|x64.Build.0 = Release|x64
		{F2DD15E2-C56A-4653-9A58-5CE9F17DAD97}.Release|x64.Deploy.0 = Release|x64
		{F2DD15E2-C56A-4653-9A58-5CE9F17DAD97}.Release|ARM64.ActiveCfg = Release|ARM64
		{F2DD15E2-C56A-4653-9A58-5CE9F17DAD97}.Release|ARM64.Build.0 = Release|ARM64
		{F2DD15E2-C56A-4653-9A58-5CE9F17DAD97}.Release|ARM64.Deploy.0 = Release|ARM64
		{3F954113-B1B2-4816-9731-62C411ED3315}.Debug|Win32.ActiveCfg = Debug|Win32
		{3F954113-B1B2-4816-9731-62C411ED3315}.Debug|Win32.Build.0 = Debug|Win32
		{3F954113-B1B2-4816-9731-62C411ED3315}.Debug|Win32.Deploy.0 = Debug|Win32
		{3F954113-B1B2-4816-9731-62C411ED3315}.Debug|x64.ActiveCfg = Debug|x64
		{3F954113-B1B2-4816-9731-62C411ED3315}.Debug|x64.Build.0 = Debug|x64
		{3F954113-B1B2-4816-9731-62C411ED3315}.Debug|x64.Deploy.0 = Debug|x64
		{3F954113-B1B2-4816-9731-62C411ED3315}.Debug|ARM64.ActiveCfg = Debug|ARM64
		{3F954113-B1B2-4816-9731-62C411ED3315}.Debug|ARM64.Build.0 = Debug|ARM64
		{3F954113-B1B2-4816-9731-62C411ED3315}.Debug|ARM64.Deploy.0 = Debug|ARM64
		{3F954113-B1B2-4816-9731-62C411ED3315}.Release|Win32.ActiveCfg = Release|Win32
		{3F954113-B1B2-4816-9731-62C411ED3315}.Release|Win32.Build.0 = Release|Win32
		{3F954113-B1B2-4816-9731-62C411ED3315}.Release|Win32.Deploy.0 = Release|Win32
		{3F954113-B1B2-4816-9731-62C411ED3315}.Release|x64.ActiveCfg = Release|x64
		{3F954113-B1B2-4816-9731-62C411ED3315}.Release|x64.Build.0 = Release|x64
		{3F954113-B1B2-4816-9731-62C411ED3315}.Release|x64.Deploy.0 = Release|x64
		{3F954113-B1B2-4816-9731-62C411ED3315}.Release|ARM64.ActiveCfg = Release|ARM64
		{3F954113-B1B2-4816-9731-62C411ED3315}.Release|ARM64.Build.0 = Release|ARM64
		{3F954113-B1B2-4816-9731-62C411ED3315}.Release|ARM64.Deploy.0 = Release|ARM64
		{C410B4F4-CE65-43F6-B633-4BC479D649B5}.Debug|Win32.ActiveCfg = Debug|Win32
		{C410B4F4-CE65-43F6-B633-4BC479D649B5}.Debug|Win32.Build.0 = Debug|Win32
		{C410B4F4-CE65-43F6-B633-4BC479D649B5}.Debug|Win32.Deploy.0 = Debug|Win32
		{C410B4F4-CE65-43F6-B633-4BC479D649B5}.Debug|x64.ActiveCfg = Debug|x64
		{C410B4F4-CE65-43F6-B633-4BC479D649B5}.Debug|x64.Build.0 = Debug|x64
		{C410B4F4-CE65-43F6-B633-4BC479D649B5}.Debug|x64.Deploy.0 = Debug|x64
		{C410B4F4-CE65-43F6-B633-4BC479D649B5}.Debug|ARM64.ActiveCfg = Debug|ARM64
		{C410B4F4-CE65-43F6-B633-4BC479D649B5}.Debug|ARM64.Build.0 = Debug|ARM64
		{C410B4F4-CE65-43F6-B633-4BC479D649B5}.Debug|ARM64.Deploy.0 = Debug|ARM64
		{C410B4F4-CE65-43F6-B633-4BC479D649B5}.Release|Win32.ActiveCfg = Release|Win32
		{C410B4F4-CE65-43F6-B633-4BC479D649B5}.Release|Win32.Build.0 = Release|Win32
		{C410B4F4-CE65-43F6-B633-4BC479D649B5}.Release|Win32.Deploy.0 = Release|Win32
		{C410B4F4-CE65-43F6-B633-4BC479D649B5}.Release|x64.ActiveCfg = Release|x64
		{C410B4F4-CE65-43F6-B633-4BC479D649B5}.Release|x64.Build.0 = Release|x64
		{C410B4F4-CE65-43F6-B633-4BC479D649B5}.Release|x64.Deploy.0 = Release|x64
		{C410B4F4-CE65-43F6-B633-4BC479D649B5}.Release|ARM64.ActiveCfg = Release|ARM64
		{C410B4F4-CE65-43F6-B633-4BC479D649B5}.Release|ARM64.Build.0 = Release|ARM64
		{C410B4F4-CE65-43F6-B633-4BC479D649B5}.Release|ARM64.Deploy.0 = Release|ARM64
		{03E61232-24E8-44B2-B3A7-A306F29978FD}.Debug|Win32.ActiveCfg = Debug|Win32
		{03E61232-24E8-44B2-B3A7-A306F29978FD}.Debug|Win32.Build.0 = Debug|Win32
		{03E61232-24E8-44B2-B3A7-A306F29978FD}.Debug|Win32.Deploy.0 = Debug|Win32
		{03E61232-24E8-44B2-B3A7-A306F29978FD}.Debug|x64.ActiveCfg = Debug|x64
		{03E61232-24E8-44B2-B3A7-A306F29978FD}.Debug|x64.Build.0 = Debug|x64
		{03E61232-24E8-44B2-B3A7-A306F29978FD}.Debug|x64.Deploy.0 = Debug|x64
		{03E61232-24E8-44B2-B3A7-A306F29978FD}.Debug|ARM64.ActiveCfg = Debug|ARM64
		{03E61232-24E8-44B2-B3A7-A306F29978FD}.Debug|ARM64.Build.0 = Debug|ARM64
		{03E61232-24E8-44B2-B3A7-A306F29978FD}.Debug|ARM64.Deploy.0 = Debug|ARM64
		{03E61232-24E8-44B2-B3A7-A306F29978FD}.Release|Win32.ActiveCfg = Release|Win32
		{03E61232-24E8-44B2-B3A7-A306F29978FD}.Release|Win32.Build.0 = Release|Win32
		{03E61232-24E8-44B2-B3A7-A306F29978FD}.Release|Win32.Deploy.0 = Release|Win32
		{03E61232-24E8-44B2-B3A7-A306F29978FD}.Release|x64.ActiveCfg = Release|x64
		{03E61232-24E8-44B2-B3A7-A306F29978FD}.Release|x64.Build.0 = Release|x64
		{03E61232-24E8-44B2-B3A7-A306F29978FD}.Release|x64.Deploy.0 = Release|x64
		{03E61232-24E8-44B2-B3A7-A306F29978FD}.Release|ARM64.ActiveCfg = Release|ARM64
		{03E61232-24E8-44B2-B3A7-A306F29978FD}.Release|ARM64.Build.0 = Release|ARM64
		{03E61232-24E8-44B2-B3A7-A306F29978FD}.Release|ARM64.Deploy.0 = Release|ARM64
		{D942E886-A307-48A7-86E8-0B40FB960287}.Debug|Win32.ActiveCfg = Debug|Win32
		{D942E886-A307-48A7-86E8-0B40FB960287}.Debug|Win32.Build.0 = Debug|Win32
		{D942E886-A307-48A7-86E8-0B40FB960287}.Debug|Win32.Deploy.0 = Debug|Win32
		{D942E886-A307-48A7-86E8-0B40FB960287}.Debug|x64.ActiveCfg = Debug|x64
		{D942E886-A307-48A7-86E8-0B40FB960287}.Debug|x64.Build.0 = Debug|x64
		{D942E886-A307-48A7-86E8-0B40FB960287}.Debug|x64.Deploy.0 = Debug|x64
		{D942E886-A307-48A7-86E8-0B40FB960287}.Debug|ARM64.ActiveCfg = Debug|ARM64
		{D942E886-A307-48A7-86E8-0B40FB960287}.Debug|ARM64.Build.0 = Debug|ARM64
		{D942E886-A307-48A7-86E8-0B40FB960287}.Debug|ARM64.Deploy.0 = Debug|ARM64
		{D942E886-A307-48A7-86E8-0B40FB960287}.Release|Win32.ActiveCfg = Release|Win32
		{D942E886-A307-48A7-86E8-0B40FB960287}.Release|Win32.Build.0 = Release|Win32
		{D942E886-A307-48A7-86E8-0B40FB960287}.Release|Win32.Deploy.0 = Release|Win32
		{D942E886-A307-48A7-86E8-0B40FB960287}.Release|x64.ActiveCfg = Release|x64
		{D942E886-A307-48A7-86E8-0B40FB960287}.Release|x64.Build.0 = Release|x64
		{D942E886-A307-48A7-86E8-0B40FB960287}.Release|x64.Deploy.0 = Release|x64
		{D942E886-A307-48A7-86E8-0B40FB960287}.Release|ARM64.ActiveCfg = Release|ARM64
		{D942E886-A307-48A7-86E8-0B40FB960287}.Release|ARM64.Build.0 = Release|ARM64
		{D942E886-A307-48A7-86E8-0B40FB960287}.Release|ARM64.Deploy.0 = Release|ARM64
		{E1A2068A-30E8-4D4D-920F-0D6EC3FF5E58}.Debug|Win32.ActiveCfg = Debug|Win32
		{E1A2068A-30E8-4D4D-920F-0D6EC3FF5E58}.Debug|Win32.Build.0 = Debug|Win32
		{E1A2068A-30E8-4D4D-920F-0D6EC3FF5E58}.Debug|Win32.Deploy.0 = Debug|Win32
		{E1A2068A-30E8-4D4D-920F-0D6EC3FF5E58}.Debug|x64.ActiveCfg = Debug|x64
		{E1A2068A-30E8-4D4D-920F-0D6EC3FF5E58}.Debug|x64.Build.0 = Debug|x64
		{E1A2068A-30E8-4D4D-920F-0D6EC3FF5E58}.Debug|x64.Deploy.0 = Debug|x64
		{E1A2068A-30E8-4D4D-920F-0D6EC3FF5E58}.Debug|ARM64.ActiveCfg = Debug|ARM64
		{E1A2068A-30E8-4D4D-920F-0D6EC3FF5E58}.Debug|ARM64.Build.0 = Debug|ARM64
		{E1A2068A-30E8-4D4D-920F-0D6EC3FF5E58}.Debug|ARM64.Deploy.0 = Debug|ARM64
		{E1A2068A-30E8-4D4D-920F-0D6EC3FF5E58}.Release|Win32.ActiveCfg = Release|Win32
		{E1A2068A-30E8-4D4D-920F-0D6EC3FF5E58}.Release|Win32.Build.0 = Release|Win32
		{E1A2068A-30E8-4D4D-920F-0D6EC3FF5E58}.Release|Win32.Deploy.0 = Release|Win32
		{E1A2068A-30E8-4D4D-920F-0D6EC3FF5E58}.Release|x64.ActiveCfg = Release|x64
		{E1A2068A-30E8-4D4D-920F-0D6EC3FF5E58}.Release|x64.Build.0 = Release|x64
		{E1A2068A-30E8-4D4D-920F-0D6EC3FF5E58}.Release|x64.Deploy.0 = Release|x64
		{E1A2068A-30E8-4D4D-920F-0D6EC3FF5E58}.Release|ARM64.ActiveCfg = Release|ARM64
		{E1A2068A-30E8-4D4D-920F-0D6EC3FF5E58}.Release|ARM64.Build.0 = Release|ARM64
		{E1A2068A-30E8-4D4D-920F-0D6EC3FF5E58}.Release|ARM64.Deploy.0 = Release|ARM64
		{F1C8C947-5F6F-4EBE-967D-8F14D1D5F425}.Debug|Win32.ActiveCfg = Debug|Win32
		{F1C8C947-5F6F-4EBE-967D-8F14D1D5F425}.Debug|Win32.Build.0 = Debug|Win32
		{F1C8C947-5F6F-4EBE-967D-8F14D1D5F425}.Debug|Win32.Deploy.0 = Debug|Win32
		{F1C8C947-5F6F-4EBE-967D-8F14D1D5F425}.Debug|x64.ActiveCfg = Debug|x64
		{F1C8C947-5F6F-4EBE-967D-8F14D1D5F425}.Debug|x64.Build.0 = Debug|x64
		{F1C8C947-5F6F-4EBE-967D-8F14D1D5F425}.Debug|x64.Deploy.0 = Debug|x64
		{F1C8C947-5F6F-4EBE-967D-8F14D1D5F425}.Debug|ARM64.ActiveCfg = Debug|ARM64
		{F1C8C947-5F6F-4EBE-967D-8F14D1D5F425}.Debug|ARM64.Build.0 = Debug|ARM64
		{F1C8C947-5F6F-4EBE-967D-8F14D1D5F425}.Debug|ARM64.Deploy.0 = Debug|ARM64
		{F1C8C947-5F6F-4EBE-967D-8F14D1D5F425}.Release|Win32.ActiveCfg = Release|Win32
		{F1C8C947-5F6F-4EBE-967D-8F14D1D5F425}.Release|Win32.Build.0 = Release|Win32
		{F1C8C947-5F6F-4EBE-967D-8F14D1D5F425}.Release|Win32.Deploy.0 = Release|Win32
		{F1C8C947-5F6F-4EBE-967D-8F14D1D5F425}.Release|x64.ActiveCfg = Release|x64
		{F1C8C947-5F6F-4EBE-967D-8F14D1D5F425}.Release|x64.Build.0 = Release|x64
		{F1C8C947-5F6F-4EBE-967D-8F14D1D5F425}.Release|x64.Deploy.0 = Release|x64
		{F1C8C947-5F6F-4EBE-967D-8F14D1D5F425}.Release|ARM64.ActiveCfg = Release|ARM64
		{F1C8C947-5F6F-4EBE-967D-8F14D1D5F425}.Release|ARM64.Build.0 = Release|ARM64
		{F1C8C947-5F6F-4EBE-967D-8F14D1D5F425}.Release|ARM64.Deploy.0 = Release|ARM64
		{D75522BB-308A-4186-A234-776D76803517}.Debug|Win32.ActiveCfg = Debug|Win32
		{D75522BB-308A-4186-A234-776D76803517}.Debug|Win32.Build.0 = Debug|Win32
		{D75522BB-308A-4186-A234-776D76803517}.Debug|Win32.Deploy.0 = Debug|Win32
		{D75522BB-308A-4186-A234-776D76803517}.Debug|x64.ActiveCfg = Debug|x64
		{D75522BB-308A-4186-A234-776D76803517}.Debug|x64.Build.0 = Debug|x64
		{D75522BB-308A-4186-A234-776D76803517}.Debug|x64.Deploy.0 = Debug|x64
		{D75522BB-308A-4186-A234-776D76803517}.Debug|ARM64.ActiveCfg = Debug|ARM64
		{D75522BB-308A-4186-A234-776D76803517}.Debug|ARM64.Build.0 = Debug|ARM64
		{D75522BB-308A-4186-A234-776D76803517}.Debug|ARM64.Deploy.0 = Debug|ARM64
		{D75522BB-308A-4186-A234-776D76803517}.Release|Win32.ActiveCfg = Release|Win32
		{D75522BB-308A-4186-A234-776D76803517}.Release|Win32.Build.0 = Release|Win32
		{D75522BB-308A-4186-A234-776D76803517}.Release|Win32.Deploy.0 = Release|Win32
		{D75522BB-308A-4186-A234-776D76803517}.Release|x64.ActiveCfg = Release|x64
		{D75522BB-308A-4186-A234-776D76803517}.Release|x64.Build.0 = Release|x64
		{D75522BB-308A-4186-A234-776D76803517}.Release|x64.Deploy.0 = Release|x64
		{D75522BB-308A-4186-A234-776D76803517}.Release|ARM64.ActiveCfg = Release|ARM64
		{D75522BB-308A-4186-A234-776D76803517}.Release|ARM64.Build.0 = Release|ARM64
		{D75522BB-308A-4186-A234-776D76803517}.Release|ARM64.Deploy.0 = Release|ARM64
		{C40AD506-96C1-448E-8915-FA7EDBAB958A}.Debug|Win32.ActiveCfg = Debug|Win32
		{C40AD506-96C1-448E-8915-FA7EDBAB958A}.Debug|Win32.Build.0 = Debug|Win32
		{C40AD506-96C1-448E-8915-FA7EDBAB958A}.Debug|Win32.Deploy.0 = Debug|Win32
		{C40AD506-96C1-448E-8915-FA7EDBAB958A}.Debug|x64.ActiveCfg = Debug|x64
		{C40AD506-96C1-448E-8915-FA7EDBAB958A}.Debug|x64.Build.0 = Debug|x64
		{C40AD506-96C1-448E-8915-FA7EDBAB958A}.Debug|x64.Deploy.0 = Debug|x64
		{C40AD506-96C1-448E-8915-FA7EDBAB958A}.Debug|ARM64.ActiveCfg = Debug|ARM64
		{C40AD506-96C1-448E-8915-FA7EDBAB958A}.Debug|ARM64.Build.0 = Debug|ARM64
		{C40AD506-96C1-448E-8915-FA7EDBAB958A}.Debug|ARM64.Deploy.0 = Debug|ARM64
		{C40AD506-96C1-448E-8915-FA7EDBAB958A}.Release|Win32.ActiveCfg = Release|Win32
		{C40AD506-96C1-448E-8915-FA7EDBAB958A}.Release|Win32.Build.0 = Release|Win32
		{C40AD506-96C1-448E-8915-FA7EDBAB958A}.Release|Win32.Deploy.0 = Release|Win32
		{C40AD506-96C1-448E-8915-FA7EDBAB958A}.Release|x64.ActiveCfg = Release|x64
		{C40AD506-96C1-448E-8915-FA7EDBAB958A}.Release|x64.Build.0 = Release|x64
		{C40AD506-96C1-448E-8915-FA7EDBAB958A}.Release|x64.Deploy.0 = Release|x64
		{C40AD506-96C1-448E-8915-FA7EDBAB958A}.Release|ARM64.ActiveCfg = Release|ARM64
		{C40AD506-96C1-448E-8915-FA7EDBAB958A}.Release|ARM64.Build.0 = Release|ARM64
		{C40AD506-96C1-448E-8915-FA7EDBAB958A}.Release|ARM64.Deploy.0 = Release|ARM64
		{B49204B2-8EE4-450F-93B3-E2BD33580153}.Debug|Win32.ActiveCfg = Debug|Win32
		{B49204B2-8EE4-450F-93B3-E2BD33580153}.Debug|Win32.Build.0 = Debug|Win32
		{B49204B2-8EE4-450F-93B3-E2BD33580153}.Debug|Win32.Deploy.0 = Debug|Win32
		{B49204B2-8EE4-450F-93B3-E2BD33580153}.Debug|x64.ActiveCfg = Debug|x64
		{B49204B2-8EE4-450F-93B3-E2BD33580153}.Debug|x64.Build.0 = Debug|x64
		{B49204B2-8EE4-450F-93B3-E2BD33580153}.Debug|x64.Deploy.0 = Debug|x64
		{B49204B2-8EE4-450F-93B3-E2BD33580153}.Debug|ARM64.ActiveCfg = Debug|ARM64
		{B49204B2-8EE4-450F-93B3-E2BD33580153}.Debug|ARM64.Build.0 = Debug|ARM64
		{B49204B2-8EE4-450F-93B3-E2BD33580153}.Debug|ARM64.Deploy.0 = Debug|ARM64
		{B49204B2-8EE4-450F-93B3-E2BD33580153}.Release|Win32.ActiveCfg = Release|Win32
		{B49204B2-8EE4-450F-93B3-E2BD33580153}.Release|Win32.Build.0 = Release|Win32
		{B49204B2-8EE4-450F-93B3-E2BD33580153}.Release|Win32.Deploy.0 = Release|Win32
		{B49204B2-8EE4-450F-93B3-E2BD33580153}.Release|x64.ActiveCfg = Release|x64
		{B49204B2-8EE4-450F-93B3-E2BD33580153}.Release|x64.Build.0 = Release|x64
		{B49204B2-8EE4-450F-93B3-E2BD33580153}.Release|x64.Deploy.0 = Release|x64
		{B49204B2-8EE4-450F-93B3-E2BD33580153}.Release|ARM64.ActiveCfg = Release|ARM64
		{B49204B2-8EE4-450F-93B3-E2BD33580153}.Release|ARM64.Build.0 = Release|ARM64
		{B49204B2-8EE4-450F-93B3-E2BD33580153}.Release|ARM64.Deploy.0 = Release|ARM64
		{2D613191-729E-475F-B151-36B636C8D8E4}.Debug|Win32.ActiveCfg = Debug|Win32
		{2D613191-729E-475F-B151-36B636C8D8E4}.Debug|Win32.Build.0 = Debug|Win32
		{2D613191-729E-475F-B151-36B636C8D8E4}.Debug|Win32.Deploy.0 = Debug|Win32
		{2D613191-729E-475F-B151-36B636C8D8E4}.Debug|x64.ActiveCfg = Debug|x64
		{2D613191-729E-475F-B151-36B636C8D8E4}.Debug|x64.Build.0 = Debug|x64
		{2D613191-729E-475F-B151-36B636C8D8E4}.Debug|x64.Deploy.0 = Debug|x64
		{2D613191-729E-475F-B151-36B636C8D8E4}.Debug|ARM64.ActiveCfg = Debug|ARM64
		{2D613191-729E-475F-B151-36B636C8D8E4}.Debug|ARM64.Build.0 = Debug|ARM64
		{2D613191-729E-475F-B151-36B636C8D8E4}.Debug|ARM64.Deploy.0 = Debug|ARM64
		{2D613191-729E-475F-B151-36B636C8D8E4}.Release|Win32.ActiveCfg = Release|Win32
		{2D613191-729E-475F-B151-36B636C8D8E4}.Release|Win32.Build.0 = Release|Win32
		{2D613191-729E-475F-B151-36B636C8D8E4}.Release|Win32.Deploy.0 = Release|Win32
		{2D613191-729E-475F-B151-36B636C8D8E4}.Release|x64.ActiveCfg = Release|x64
		{2D613191-729E-475F-B151-36B636C8D8E4}.Release|x64.Build.0 = Release|x64
		{2D613191-729E-475F-B151-36B636C8D8E4}.Release|x64.Deploy.0 = Release|x64
		{2D613191-729E-475F-B151-36B636C8D8E4}.Release|ARM64.ActiveCfg = Release|ARM64
		{2D613191-729E-475F-B151-36B636C8D8E4}.Release|ARM64.Build.0 = Release|ARM64
		{2D613191-729E-475F-B151-36B636C8D8E4}.Release|ARM64.Deploy.0 = Release|ARM64
		{499CF6A8-EABB-46E3-8501-B0E05C85AE18}.Debug|Win32.ActiveCfg = Debug|Win32
		{499CF6A8-EABB-46E3-8501-B0E05C85AE18}.Debug|Win32.Build.0 = Debug|Win32
		{499CF6A8-EABB-46E3-8501-B0E05C85AE18}.Debug|Win32.Deploy.0 = Debug|Win32
		{499CF6A8-EABB-46E3-8501-B0E05C85AE18}.Debug|x64.ActiveCfg = Debug|x64
		{499CF6A8-EABB-46E3-8501-B0E05C85AE18}.Debug|x64.Build.0 = Debug|x64
		{499CF6A8-EABB-46E3-8501-B0E05C85AE18}.Debug|x64.Deploy.0 = Debug|x64
		{499CF6A8-EABB-46E3-8501-B0E05C85AE18}.Debug|ARM64.ActiveCfg = Debug|ARM64
		{499CF6A8-EABB-46E3-8501-B0E05C85AE18}.Debug|ARM64.Build.0 = Debug|ARM64
		{499CF6A8-EABB-46E3-8501-B0E05C85AE18}.Debug|ARM64.Deploy.0 = Debug|ARM64
		{499CF6A8-EABB-46E3-8501-B0E05C85AE18}.Release|Win32.ActiveCfg = Release|Win32
		{499CF6A8-EABB-46E3-8501-B0E05C85AE18}.Release|Win32.Build.0 = Release|Win32
		{499CF6A8-EABB-46E3-8501-B0E05C85AE18}.Release|Win32.Deploy.0 = Release|Win32
		{499CF6A8-EABB-46E3-8501-B0E05C85AE18}.Release|x64.ActiveCfg = Release|x64
		{499CF6A8-EABB-46E3-8501-B0E05C85AE18}.Release|x64.Build.0 = Release|x64
		{499CF6A8-EABB-46E3-8501-B0E05C85AE18}.Release|x64.Deploy.0 = Release|x64
		{499CF6A8-EABB-46E3-8501-B0E05C85AE18}.Release|ARM64.ActiveCfg = Release|ARM64
		{499CF6A8-EABB-46E3-8501-B0E05C85AE18}.Release|ARM64.Build.0 = Release|ARM64
		{499CF6A8-EABB-46E3-8501-B0E05C85AE18}.Release|ARM64.Deploy.0 = Release|ARM64
		{CC8A7C3C-5F5B-48A5-9BDF-DF4B32E0F3A6}.Debug|Win32.ActiveCfg = Debug|Win32
		{CC8A7C3C-5F5B-48A5-9BDF-DF4B32E0F3A6}.Debug|Win32.Build.0 = Debug|Win32
		{CC8A7C3C-5F5B-48A5-9BDF-DF4B32E0F3A6}.Debug|Win32.Deploy.0 = Debug|Win32
		{CC8A7C3C-5F5B-48A5-9BDF-DF4B32E0F3A6}.Debug|x64.ActiveCfg = Debug|x64
		{CC8A7C3C-5F5B-48A5-9BDF-DF4B32E0F3A6}.Debug|x64.Build.0 = Debug|x64
		{CC8A7C3C-5F5B-48A5-9BDF-DF4B32E0F3A6}.Debug|x64.Deploy.0 = Debug|x64
		{CC8A7C3C-5F5B-48A5-9BDF-DF4B32E0F3A6}.Debug|ARM64.ActiveCfg = Debug|ARM64
		{CC8A7C3C-5F5B-48A5-9BDF-DF4B32E0F3A6}.Debug|ARM64.Build.0 = Debug|ARM64
		{CC8A7C3C-5F5B-48A5-9BDF-DF4B32E0F3A6}.Debug|ARM64.Deploy.0 = Debug|ARM64
		{CC8A7C3C-5F5B-48A5-9BDF-DF4B32E0F3A6}.Release|Win32.ActiveCfg = Release|Win32
		{CC8A7C3C-5F5B-48A5-9BDF-DF4B32E0F3A6}.Release|Win32.Build.0 = Release|Win32
		{CC8A7C3C-5F5B-48A5-9BDF-DF4B32E0F3A6}.Release|Win32.Deploy.0 = Release|Win32
		{CC8A7C3C-5F5B-48A5-9BDF-DF4B32E0F3A6}.Release|x64.ActiveCfg = Release|x64
		{CC8A7C3C-5F5B-48A5-9BDF-DF4B32E0F3A6}.Release|x64.Build.0 = Release|x64
		{CC8A7C3C-5F5B-48A5-9BDF-DF4B32E0F3A6}.Release|x64.Deploy.0 = Release|x64
		{CC8A7C3C-5F5B-48A5-9BDF-DF4B32E0F3A6}.Release|ARM64.ActiveCfg = Release|ARM64
		{CC8A7C3C-5F5B-48A5-9BDF-DF4B32E0F3A6}.Release|ARM64.Build.0 = Release|ARM64
		{CC8A7C3C-5F5B-48A5-9BDF-DF4B32E0F3A6}.Release|ARM64.Deploy.0 = Release|ARM64
		{8FE45BFF-243F-4197-9479-27BD9154C26C}.Debug|Win32.ActiveCfg = Debug|Win32
		{8FE45BFF-243F-4197-9479-27BD9154C26C}.Debug|Win32.Build.0 = Debug|Win32
		{8FE45BFF-243F-4197-9479-27BD9154C26C}.Debug|Win32.Deploy.0 = Debug|Win32
		{8FE45BFF-243F-4197-9479-27BD9154C26C}.Debug|x64.ActiveCfg = Debug|x64
		{8FE45BFF-243F-4197-9479-27BD9154C26C}.Debug|x64.Build.0 = Debug|x64
		{8FE45BFF-243F-4197-9479-27BD9154C26C}.Debug|x64.Deploy.0 = Debug|x64
		{8FE45BFF-243F-4197-9479-27BD9154C26C}.Debug|ARM64.ActiveCfg = Debug|ARM64
		{8FE45BFF-243F-4197-9479-27BD9154C26C}.Debug|ARM64.Build.0 = Debug|ARM64
		{8FE45BFF-243F-4197-9479-27BD9154C26C}.Debug|ARM64.Deploy.0 = Debug|ARM64
		{8FE45BFF-243F-4197-9479-27BD9154C26C}.Release|Win32.ActiveCfg = Release|Win32
		{8FE45BFF-243F-4197-9479-27BD9154C26C}.Release|Win32.Build.0 = Release|Win32
		{8FE45BFF-243F-4197-9479-27BD9154C26C}.Release|Win32.Deploy.0 = Release|Win32
		{8FE45BFF-243F-4197-9479-27BD9154C26C}.Release|x64.ActiveCfg = Release|x64
		{8FE45BFF-243F-4197-9479-27BD9154C26C}.Release|x64.Build.0 = Release|x64
		{8FE45BFF-243F-4197-9479-27BD9154C26C}.Release|x64.Deploy.0 = Release|x64
		{8FE45BFF-243F-4197-9479-27BD9154C26C}.Release|ARM64.ActiveCfg = Release|ARM64
		{8FE45BFF-243F-4197-9479-27BD9154C26C}.Release|ARM64.Build.0 = Release|ARM64
		{8FE45BFF-243F-4197-9479-27BD9154C26C}.Release|ARM64.Deploy.0 = Release|ARM64
		{90B6B8C5-C2A3-4CE3-B1F0-FA2ABF12F88F}.Debug|Win32.ActiveCfg = Debug|Win32
		{90B6B8C5-C2A3-4CE3-B1F0-FA2ABF12F88F}.Debug|Win32.Build.0 = Debug|Win32
		{90B6B8C5-C2A3-4CE3-B1F0-FA2ABF12F88F}.Debug|Win32.Deploy.0 = Debug|Win32
		{90B6B8C5-C2A3-4CE3-B1F0-FA2ABF12F88F}.Debug|x64.ActiveCfg = Debug|x64
		{90B6B8C5-C2A3-4CE3-B1F0-FA2ABF12F88F}.Debug|x64.Build.0 = Debug|x64
		{90B6B8C5-C2A3-4CE3-B1F0-FA2ABF12F88F}.Debug|x64.Deploy.0 = Debug|x64
		{90B6B8C5-C2A3-4CE3-B1F0-FA2ABF12F88F}.Debug|ARM64.ActiveCfg = Debug|ARM64
		{90B6B8C5-C2A3-4CE3-B1F0-FA2ABF12F88F}.Debug|ARM64.Build.0 = Debug|ARM64
		{90B6B8C5-C2A3-4CE3-B1F0-FA2ABF12F88F}.Debug|ARM64.Deploy.0 = Debug|ARM64
		{90B6B8C5-C2A3-4CE3-B1F0-FA2ABF12F88F}.Release|Win32.ActiveCfg = Release|Win32
		{90B6B8C5-C2A3-4CE3-B1F0-FA2ABF12F88F}.Release|Win32.Build.0 = Release|Win32
		{90B6B8C5-C2A3-4CE3-B1F0-FA2ABF12F88F}.Release|Win32.Deploy.0 = Release|Win32
		{90B6B8C5-C2A3-4CE3-B1F0-FA2ABF12F88F}.Release|x64.ActiveCfg = Release|x64
		{90B6B8C5-C2A3-4CE3-B1F0-FA2ABF12F88F}.Release|x64.Build.0 = Release|x64
		{90B6B8C5-C2A3-4CE3-B1F0-FA2ABF12F88F}.Release|x64.Deploy.0 = Release|x64
		{90B6B8C5-C2A3-4CE3-B1F0-FA2ABF12F88F}.Release|ARM64.ActiveCfg = Release|ARM64
		{90B6B8C5-C2A3-4CE3-B1F0-FA2ABF12F88F}.Release|ARM64.Build.0 = Release|ARM64
		{90B6B8C5-C2A3-4CE3-B1F0-FA2ABF12F88F}.Release|ARM64.Deploy.0 = Release|ARM64
		{11DA44FA-2EF2-43F6-BEA8-FCAA003A1D12}.Debug|Win32.ActiveCfg = Debug|Win32
		{11DA44FA-2EF2-43F6-BEA8-FCAA003A1D12}.Debug|Win32.Build.0 = Debug|Win32
		{11DA44FA-2EF2-43F6-BEA8-FCAA003A1D12}.Debug|Win32.Deploy.0 = Debug|Win32
		{11DA44FA-2EF2-43F6-BEA8-FCAA003A1D12}.Debug|x64.ActiveCfg = Debug|x64
		{11DA44FA-2EF2-43F6-BEA8-FCAA003A1D12}.Debug|x64.Build.0 = Debug|x64
		{11DA44FA-2EF2-43F6-BEA8-FCAA003A1D12}.Debug|x64.Deploy.0 = Debug|x64
		{11DA44FA-2EF2-43F6-BEA8-FCAA003A1D12}.Debug|ARM64.ActiveCfg = Debug|ARM64
		{11DA44FA-2EF2-43F6-BEA8-FCAA003A1D12}.Debug|ARM64.Build.0 = Debug|ARM64
		{11DA44FA-2EF2-43F6-BEA8-FCAA003A1D12}.Debug|ARM64.Deploy.0 = Debug|ARM64
		{11DA44FA-2EF2-43F6-BEA8-FCAA003A1D12}.Release|Win32.ActiveCfg = Release|Win32
		{11DA44FA-2EF2-43F6-BEA8-FCAA003A1D12}.Release|Win32.Build.0 = Release|Win32
		{11DA44FA-2EF2-43F6-BEA8-FCAA003A1D12}.Release|Win32.Deploy.0 = Release|Win32
		{11DA44FA-2EF2-43F6-BEA8-FCAA003A1D12}.Release|x64.ActiveCfg = Release|x64
		{11DA44FA-2EF2-43F6-BEA8-FCAA003A1D12}.Release|x64.Build.0 = Release|x64
		{11DA44FA-2EF2-43F6-BEA8-FCAA003A1D12}.Release|x64.Deploy.0 = Release|x64
		{11DA44FA-2EF2-43F6-BEA8-FCAA003A1D12}.Release|ARM64.ActiveCfg = Release|ARM64
		{11DA44FA-2EF2-43F6-BEA8-FCAA003A1D12}.Release|ARM64.Build.0 = Release|ARM64
		{11DA44FA-2EF2-43F6-BEA8-FCAA003A1D12}.Release|ARM64.Deploy.0 = Release|ARM64
		{5DB6ADD0-ED8A-48B6-9658-31F7CF9F34A8}.Debug|Win32.ActiveCfg = Debug|Win32
		{5DB6ADD0-ED8A-48B6-9658-31F7CF9F34A8}.Debug|Win32.Build.0 = Debug|Win32
		{5DB6ADD0-ED8A-48B6-9658-31F7CF9F34A8}.Debug|Win32.Deploy.0 = Debug|Win32
		{5DB6ADD0-ED8A-48B6-9658-31F7CF9F34A8}.Debug|x64.ActiveCfg = Debug|x64
		{5DB6ADD0-ED8A-48B6-9658-31F7CF9F34A8}.Debug|x64.Build.0 = Debug|x64
		{5DB6ADD0-ED8A-48B6-9658-31F7CF9F34A8}.Debug|x64.Deploy.0 = Debug|x64
		{5DB6ADD0-ED8A-48B6-9658-31F7CF9F34A8}.Debug|ARM64.ActiveCfg = Debug|ARM64
		{5DB6ADD0-ED8A-48B6-9658-31F7CF9F34A8}.Debug|ARM64.Build.0 = Debug|ARM64
		{5DB6ADD0-ED8A-48B6-9658-31F7CF9F34A8}.Debug|ARM64.Deploy.0 = Debug|ARM64
		{5DB6ADD0-ED8A-48B6-9658-31F7CF9F34A8}.Release|Win32.ActiveCfg = Release|Win32
		{5DB6ADD0-ED8A-48B6-9658-31F7CF9F34A8}.Release|Win32.Build.0 = Release|Win32
		{5DB6ADD0-ED8A-48B6-9658-31F7CF9F34A8}.Release|Win32.Deploy.0 = Release|Win32
		{5DB6ADD0-ED8A-48B6-9658-31F7CF9F34A8}.Release|x64.ActiveCfg = Release|x64
		{5DB6ADD0-ED8A-48B6-9658-31F7CF9F34A8}.Release|x64.Build.0 = Release|x64
		{5DB6ADD0-ED8A-48B6-9658-31F7CF9F34A8}.Release|x64.Deploy.0 = Release|x64
		{5DB6ADD0-ED8A-48B6-9658-31F7CF9F34A8}.Release|ARM64.ActiveCfg = Release|ARM64
		{5DB6ADD0-ED8A-48B6-9658-31F7CF9F34A8}.Release|ARM64.Build.0 = Release|ARM64
		{5DB6ADD0-ED8A-48B6-9658-31F7CF9F34A8}.Release|ARM64.Deploy.0 = Release|ARM64
		{04398781-397F-44BA-921C-562C19B4691F}.Debug|Win32.ActiveCfg = Debug|Win32
		{04398781-397F-44BA-921C-562C19B4691F}.Debug|Win32.Build.0 = Debug|Win32
		{04398781-397F-44BA-921C-562C19B4691F}.Debug|Win32.Deploy.0 = Debug|Win32
		{04398781-397F-44BA-921C-562C19B4691F}.Debug|x64.ActiveCfg = Debug|x64
		{04398781-397F-44BA-921C-562C19B4691F}.Debug|x64.Build.0 = Debug|x64
		{04398781-397F-44BA-921C-562C19B4691F}.Debug|x64.Deploy.0 = Debug|x64
		{04398781-397F-44BA-921C-562C19B4691F}.Debug|ARM64.ActiveCfg = Debug|ARM64
		{04398781-397F-44BA-921C-562C19B4691F}.Debug|ARM64.Build.0 = Debug|ARM64
		{04398781-397F-44BA-921C-562C19B4691F}.Debug|ARM64.Deploy.0 = Debug|ARM64
		{04398781-397F-44BA-921C-562C19B4691F}.Release|Win32.ActiveCfg = Release|Win32
		{04398781-397F-44BA-921C-562C19B4691F}.Release|Win32.Build.0 = Release|Win32
		{04398781-397F-44BA-921C-562C19B4691F}.Release|Win32.Deploy.0 = Release|Win32
		{04398781-397F-44BA-921C-562C19B4691F}.Release|x64.ActiveCfg = Release|x64
		{04398781-397F-44BA-921C-562C19B4691F}.Release|x64.Build.0 = Release|x64
		{04398781-397F-44BA-921C-562C19B4691F}.Release|x64.Deploy.0 = Release|x64
		{04398781-397F-44BA-921C-562C19B4691F}.Release|ARM64.ActiveCfg = Release|ARM64
		{04398781-397F-44BA-921C-562C19B4691F}.Release|ARM64.Build.0 = Release|ARM64
		{04398781-397F-44BA-921C-562C19B4691F}.Release|ARM64.Deploy.0 = Release|ARM64
		{82A217A6-CD66-4690-96DF-0D76D78FEF73}.Debug|Win32.ActiveCfg = Debug|Win32
		{82A217A6-CD66-4690-96DF-0D76D78FEF73}.Debug|Win32.Build.0 = Debug|Win32
		{82A217A6-CD66-4690-96DF-0D76D78FEF73}.Debug|Win32.Deploy.0 = Debug|Win32
		{82A217A6-CD66-4690-96DF-0D76D78FEF73}.Debug|x64.ActiveCfg = Debug|x64
		{82A217A6-CD66-4690-96DF-0D76D78FEF73}.Debug|x64.Build.0 = Debug|x64
		{82A217A6-CD66-4690-96DF-0D76D78FEF73}.Debug|x64.Deploy.0 = Debug|x64
		{82A217A6-CD66-4690-96DF-0D76D78FEF73}.Debug|ARM64.ActiveCfg = Debug|ARM64
		{82A217A6-CD66-4690-96DF-0D76D78FEF73}.Debug|ARM64.Build.0 = Debug|ARM64
		{82A217A6-CD66-4690-96DF-0D76D78FEF73}.Debug|ARM64.Deploy.0 = Debug|ARM64
		{82A217A6-CD66-4690-96DF-0D76D78FEF73}.Release|Win32.ActiveCfg = Release|Win32
		{82A217A6-CD66-4690-96DF-0D76D78FEF73}.Release|Win32.Build.0 = Release|Win32
		{82A217A6-CD66-4690-96DF-0D76D78FEF73}.Release|Win32.Deploy.0 = Release|Win32
		{82A217A6-CD66-4690-96DF-0D76D78FEF73}.Release|x64.ActiveCfg = Release|x64
		{82A217A6-CD66-4690-96DF-0D76D78FEF73}.Release|x64.Build.0 = Release|x64
		{82A217A6-CD66-4690-96DF-0D76D78FEF73}.Release|x64.Deploy.0 = Release|x64
		{82A217A6-CD66-4690-96DF-0D76D78FEF73}.Release|ARM64.ActiveCfg = Release|ARM64
		{82A217A6-CD66-4690-96DF-0D76D78FEF73}.Release|ARM64.Build.0 = Release|ARM64
		{82A217A6-CD66-4690-96DF-0D76D78FEF73}.Release|ARM64.Deploy.0 = Release|ARM64
		{70543E33-EBFA-4901-8D40-338D8102C3A3}.Debug|Win32.ActiveCfg = Debug|Win32
		{70543E33-EBFA-4901-8D40-338D8102C3A3}.Debug|Win32.Build.0 = Debug|Win32
		{70543E33-EBFA-4901-8D40-338D8102C3A3}.Debug|Win32.Deploy.0 = Debug|Win32
		{70543E33-EBFA-4901-8D40-338D8102C3A3}.Debug|x64.ActiveCfg = Debug|x64
		{70543E33-EBFA-4901-8D40-338D8102C3A3}.Debug|x64.Build.0 = Debug|x64
		{70543E33-EBFA-4901-8D40-338D8102C3A3}.Debug|x64.Deploy.0 = Debug|x64
		{70543E33-EBFA-4901-8D40-338D8102C3A3}.Debug|ARM64.ActiveCfg = Debug|ARM64
		{70543E33-EBFA-4901-8D40-338D8102C3A3}.Debug|ARM64.Build.0 = Debug|ARM64
		{70543E33-EBFA-4901-8D40-338D8102C3A3}.Debug|ARM64.Deploy.0 = Debug|ARM64
		{70543E33-EBFA-4901-8D40-338D8102C3A3}.Release|Win32.ActiveCfg = Release|Win32
		{70543E33-EBFA-4901-8D40-338D8102C3A3}.Release|Win32.Build.0 = Release|Win32
		{70543E33-EBFA-4901-8D40-338D8102C3A3}.Release|Win32.Deploy.0 = Release|Win32
		{70543E33-EBFA-4901-8D40-338D8102C3A3}.Release|x64.ActiveCfg = Release|x64
		{70543E33-EBFA-4901-8D40-338D8102C3A3}.Release|x64.Build.0 = Release|x64
		{70543E33-EBFA-4901-8D40-338D8102C3A3}.Release|x64.Deploy.0 = Release|x64
		{70543E33-EBFA-4901-8D40-338D8102C3A3}.Release|ARM64.ActiveCfg = Release|ARM64
		{70543E33-EBFA-4901-8D40-338D8102C3A3}.Release|ARM64.Build.0 = Release|ARM64
		{70543E33-EBFA-4901-8D40-338D8102C3A3}.Release|ARM64.Deploy.0 = Release|ARM64
		{F12E4A3C-9F19-4506-BA53-90307770DE08}.Debug|Win32.ActiveCfg = Debug|Win32
		{F12E4A3C-9F19-4506-BA53-90307770DE08}.Debug|Win32.Build.0 = Debug|Win32
		{F12E4A3C-9F19-4506-BA53-90307770DE08}.Debug|Win32.Deploy.0 = Debug|Win32
		{F12E4A3C-9F19-4506-BA53-90307770DE08}.Debug|x64.ActiveCfg = Debug|x64
		{F12E4A3C-9F19-4506-BA53-90307770DE08}.Debug|x64.Build.0 = Debug|x64
		{F12E4A3C-9F19-4506-BA53-90307770DE08}.Debug|x64.Deploy.0 = Debug|x64
		{F12E4A3C-9F19-4506-BA53-90307770DE08}.Debug|ARM64.ActiveCfg = Debug|ARM64
		{F12E4A3C-9F19-4506-BA53-90307770DE08}.Debug|ARM64.Build.0 = Debug|ARM64
		{F12E4A3C-9F19-4506-BA53-90307770DE08}.Debug|ARM64.Deploy.0 = Debug|ARM64
		{F12E4A3C-9F19-4506-BA53-90307770DE08}.Release|Win32.ActiveCfg = Release|Win32
		{F12E4A3C-9F19-4506-BA53-90307770DE08}.Release|Win32.Build.0 = Release|Win32
		{F12E4A3C-9F19-4506-BA53-90307770DE08}.Release|Win32.Deploy.0 = Release|Win32
		{F12E4A3C-9F19-4506-BA53-90307770DE08}.Release|x64.ActiveCfg = Release|x64
		{F12E4A3C-9F19-4506-BA53-90307770DE08}.Release|x64.Build.0 = Release|x64
		{F12E4A3C-9F19-4506-BA53-90307770DE08}.Release|x64.Deploy.0 = Release|x64
		{F12E4A3C-9F19-4506-BA53-90307770DE08}.Release|ARM64.ActiveCfg = Release|ARM64
		{F12E4A3C-9F19-4506-BA53-90307770DE08}.Release|ARM64.Build.0 = Release|ARM64
		{F12E4A3C-9F19-4506-BA53-90307770DE08}.Release|ARM64.Deploy.0 = Release|ARM64
		{210BF7FF-711B-47C6-8E2A-6BE00D04E32F}.Debug|Win32.ActiveCfg = Debug|Win32
		{210BF7FF-711B-47C6-8E2A-6BE00D04E32F}.Debug|Win32.Build.0 = Debug|Win32
		{210BF7FF-711B-47C6-8E2A-6BE00D04E32F}.Debug|Win32.Deploy.0 = Debug|Win32
		{210BF7FF-711B-47C6-8E2A-6BE00D04E32F}.Debug|x64.ActiveCfg = Debug|x64
		{210BF7FF-711B-47C6-8E2A-6BE00D04E32F}.Debug|x64.Build.0 = Debug|x64
		{210BF7FF-711B-47C6-8E2A-6BE00D04E32F}.Debug|x64.Deploy.0 = Debug|x64
		{210BF7FF-711B-47C6-8E2A-6BE00D04E32F}.Debug|ARM64.ActiveCfg = Debug|ARM64
		{210BF7FF-711B-47C6-8E2A-6BE00D04E32F}.Debug|ARM64.Build.0 = Debug|ARM64
		{210BF7FF-711B-47C6-8E2A-6BE00D04E32F}.Debug|ARM64.Deploy.0 = Debug|ARM64
		{210BF7FF-711B-47C6-8E2A-6BE00D04E32F}.Release|Win32.ActiveCfg = Release|Win32
		{210BF7FF-711B-47C6-8E2A-6BE00D04E32F}.Release|Win32.Build.0 = Release|Win32
		{210BF7FF-711B-47C6-8E2A-6BE00D04E32F}.Release|Win32.Deploy.0 = Release|Win32
		{210BF7FF-711B-47C6-8E2A-6BE00D04E32F}.Release|x64.ActiveCfg = Release|x64
		{210BF7FF-711B-47C6-8E2A-6BE00D04E32F}.Release|x64.Build.0 = Release|x64
		{210BF7FF-711B-47C6-8E2A-6BE00D04E32F}.Release|x64.Deploy.0 = Release|x64
		{210BF7FF-711B-47C6-8E2A-6BE00D04E32F}.Release|ARM64.ActiveCfg = Release|ARM64
		{210BF7FF-711B-47C6-8E2A-6BE00D04E32F}.Release|ARM64.Build.0 = Release|ARM64
		{210BF7FF-711B-47C6-8E2A-6BE00D04E32F}.Release|ARM64.Deploy.0 = Release|ARM64
		{D19C83BE-96AA-4756-BEBF-16948349F708}.Debug|Win32.ActiveCfg = Debug|Win32
		{D19C83BE-96AA-4756-BEBF-16948349F708}.Debug|Win32.Build.0 = Debug|Win32
		{D19C83BE-96AA-4756-BEBF-16948349F708}.Debug|Win32.Deploy.0 = Debug|Win32
		{D19C83BE-96AA-4756-BEBF-16948349F708}.Debug|x64.ActiveCfg = Debug|x64
		{D19C83BE-96AA-4756-BEBF-16948349F708}.Debug|x64.Build.0 = Debug|x64
		{D19C83BE-96AA-4756-BEBF-16948349F708}.Debug|x64.Deploy.0 = Debug|x64
		{D19C83BE-96AA-4756-BEBF-16948349F708}.Debug|ARM64.ActiveCfg = Debug|ARM64
		{D19C83BE-96AA-4756-BEBF-16948349F708}.Debug|ARM64.Build.0 = Debug|ARM64
		{D19C83BE-96AA-4756-BEBF-16948349F708}.Debug|ARM64.Deploy.0 = Debug|ARM64
		{D19C83BE-96AA-4756-BEBF-16948349F708}.Release|Win32.ActiveCfg = Release|Win32
		{D19C83BE-96AA-4756-BEBF-16948349F708}.Release|Win32.Build.0 = Release|Win32
		{D19C83BE-96AA-4756-BEBF-16948349F708}.Release|Win32.Deploy.0 = Release|Win32
		{D19C83BE-96AA-4756-BEBF-16948349F708}.Release|x64.ActiveCfg = Release|x64
		{D19C83BE-96AA-4756-BEBF-16948349F708}.Release|x64.Build.0 = Release|x64
		{D19C83BE-96AA-4756-BEBF-16948349F708}.Release|x64.Deploy.0 = Release|x64
		{D19C83BE-96AA-4756-BEBF-16948349F708}.Release|ARM64.ActiveCfg = Release|ARM64
		{D19C83BE-96AA-4756-BEBF-16948349F708}.Release|ARM64.Build.0 = Release|ARM64
		{D19C83BE-96AA-4756-BEBF-16948349F708}.Release|ARM64.Deploy.0 = Release|ARM64
		{CC3712C6-76C5-4EF4-B23C-5B33FD1F85DD}.Debug|Win32.ActiveCfg = Debug|Win32
		{CC3712C6-76C5-4EF4-B23C-5B33FD1F85DD}.Debug|Win32.Build.0 = Debug|Win32
		{CC3712C6-76C5-4EF4-B23C-5B33FD1F85DD}.Debug|Win32.Deploy.0 = Debug|Win32
		{CC3712C6-76C5-4EF4-B23C-5B33FD1F85DD}.Debug|x64.ActiveCfg = Debug|x64
		{CC3712C6-76C5-4EF4-B23C-5B33FD1F85DD}.Debug|x64.Build.0 = Debug|x64
		{CC3712C6-76C5-4EF4-B23C-5B33FD1F85DD}.Debug|x64.Deploy.0 = Debug|x64
		{CC3712C6-76C5-4EF4-B23C-5B33FD1F85DD}.Debug|ARM64.ActiveCfg = Debug|ARM64
		{CC3712C6-76C5-4EF4-B23C-5B33FD1F85DD}.Debug|ARM64.Build.0 = Debug|ARM64
		{CC3712C6-76C5-4EF4-B23C-5B33FD1F85DD}.Debug|ARM64.Deploy.0 = Debug|ARM64
		{CC3712C6-76C5-4EF4-B23C-5B33FD1F85DD}.Release|Win32.ActiveCfg = Release|Win32
		{CC3712C6-76C5-4EF4-B23C-5B33FD1F85DD}.Release|Win32.Build.0 = Release|Win32
		{CC3712C6-76C5-4EF4-B23C-5B33FD1F85DD}.Release|Win32.Deploy.0 = Release|Win32
		{CC3712C6-76C5-4EF4-B23C-5B33FD1F85DD}.Release|x64.ActiveCfg = Release|x64
		{CC3712C6-76C5-4EF4-B23C-5B33FD1F85DD}.Release|x64.Build.0 = Release|x64
		{CC3712C6-76C5-4EF4-B23C-5B33FD1F85DD}.Release|x64.Deploy.0 = Release|x64
		{CC3712C6-76C5-4EF4-B23C-5B33FD1F85DD}.Release|ARM64.ActiveCfg = Release|ARM64
		{CC3712C6-76C5-4EF4-B23C-5B33FD1F85DD}.Release|ARM64.Build.0 = Release|ARM64
		{CC3712C6-76C5-4EF4-B23C-5B33FD1F85DD}.Release|ARM64.Deploy.0 = Release|ARM64
	EndGlobalSection
	GlobalSection(SolutionProperties) = preSolution
		HideSolutionNode = FALSE
	EndGlobalSection
EndGlobal
