<?xml version="1.0" encoding="utf-8"?>
<Project ToolsVersion="4.0" xmlns="http://schemas.microsoft.com/developer/msbuild/2003">
  <ItemGroup>
    <Filter Include="소스 파일">
      <UniqueIdentifier>{4FC737F1-C7A5-4376-A066-2A32D752A2FF}</UniqueIdentifier>
      <Extensions>cpp;c;cc;cxx;c++;cppm;ixx;def;odl;idl;hpj;bat;asm;asmx</Extensions>
    </Filter>
    <Filter Include="리소스 파일">
      <UniqueIdentifier>{67DA6AB6-F800-4c08-8B7A-83BB121AAD01}</UniqueIdentifier>
      <Extensions>rc;ico;cur;bmp;dlg;rc2;rct;bin;rgs;gif;jpg;jpeg;jpe;resx;tiff;tif;png;wav;mfcribbon-ms</Extensions>
    </Filter>
    <Filter Include="소스 파일\Main">
      <UniqueIdentifier>{d5ba46e6-2df5-40d4-bdac-e197daa3bb0c}</UniqueIdentifier>
    </Filter>
    <Filter Include="소스 파일\Game">
      <UniqueIdentifier>{e639b711-02fd-4ced-954c-c7fe9ca4d254}</UniqueIdentifier>
    </Filter>
    <Filter Include="소스 파일\Game\Object">
      <UniqueIdentifier>{2d9c379e-d765-4b75-aaca-032ddb5e84ec}</UniqueIdentifier>
    </Filter>
    <Filter Include="소스 파일\Game\Object\Monster">
      <UniqueIdentifier>{e69981d8-a302-48f3-94b0-9e370099fcfa}</UniqueIdentifier>
    </Filter>
    <Filter Include="소스 파일\Game\Object\Interactable">
      <UniqueIdentifier>{f4ea57ed-a3fc-4741-b6af-101bec2adf06}</UniqueIdentifier>
    </Filter>
  </ItemGroup>
  <ItemGroup>
    <ClInclude Include="pch.h">
      <Filter>소스 파일\Main</Filter>
    </ClInclude>
    <ClInclude Include="GameObject.h">
      <Filter>소스 파일\Game\Object</Filter>
    </ClInclude>
    <ClInclude Include="ServerFramework.h">
      <Filter>소스 파일\Game</Filter>
    </ClInclude>
    <ClInclude Include="Room.h">
      <Filter>소스 파일\Game</Filter>
    </ClInclude>
    <ClInclude Include="Player.h">
      <Filter>소스 파일\Game\Object</Filter>
    </ClInclude>
    <ClInclude Include="Monster.h">
      <Filter>소스 파일\Game\Object\Monster</Filter>
    </ClInclude>
    <ClInclude Include="StateMachine.h">
      <Filter>소스 파일\Game\Object\Monster</Filter>
    </ClInclude>
    <ClInclude Include="NormalMonster.h">
      <Filter>소스 파일\Game\Object\Monster</Filter>
    </ClInclude>
    <ClInclude Include="ObstacleMonster.h">
      <Filter>소스 파일\Game\Object\Monster</Filter>
    </ClInclude>
    <ClInclude Include="RespawnMonster.h">
      <Filter>소스 파일\Game\Object\Monster</Filter>
    </ClInclude>
    <ClInclude Include="TankMonster.h">
      <Filter>소스 파일\Game\Object\Monster</Filter>
    </ClInclude>
    <ClInclude Include="BombObject.h">
      <Filter>소스 파일\Game\Object\Interactable</Filter>
    </ClInclude>
    <ClInclude Include="Item.h">
      <Filter>소스 파일\Game\Object\Interactable</Filter>
    </ClInclude>
    <ClInclude Include="Projectile.h">
      <Filter>소스 파일\Game\Object\Interactable</Filter>
    </ClInclude>
    <ClInclude Include="Constant.h">
      <Filter>소스 파일\Game\Object\Interactable</Filter>
    </ClInclude>
    <ClInclude Include="BomberMonster.h">
      <Filter>소스 파일\Game\Object\Monster</Filter>
    </ClInclude>
    <ClInclude Include="TimeManager.h">
      <Filter>소스 파일\Game</Filter>
    </ClInclude>
    <ClInclude Include="Global.h">
      <Filter>소스 파일\Main</Filter>
    </ClInclude>
    <ClInclude Include="BoundingBox.h">
      <Filter>소스 파일\Game\Object\Interactable</Filter>
    </ClInclude>
  </ItemGroup>
  <ItemGroup>
    <ClCompile Include="pch.cpp">
      <Filter>소스 파일\Main</Filter>
    </ClCompile>
    <ClCompile Include="GameObject.cpp">
      <Filter>소스 파일\Game\Object</Filter>
    </ClCompile>
    <ClCompile Include="Server.cpp">
      <Filter>소스 파일\Main</Filter>
    </ClCompile>
    <ClCompile Include="ServerFramework.cpp">
      <Filter>소스 파일\Game</Filter>
    </ClCompile>
    <ClCompile Include="Room.cpp">
      <Filter>소스 파일\Game</Filter>
    </ClCompile>
    <ClCompile Include="Player.cpp">
      <Filter>소스 파일\Game\Object</Filter>
    </ClCompile>
    <ClCompile Include="Monster.cpp">
      <Filter>소스 파일\Game\Object\Monster</Filter>
    </ClCompile>
    <ClCompile Include="StateMachine.cpp">
      <Filter>소스 파일\Game\Object\Monster</Filter>
    </ClCompile>
    <ClCompile Include="NormalMonster.cpp">
      <Filter>소스 파일\Game\Object\Monster</Filter>
    </ClCompile>
    <ClCompile Include="ObstacleMonster.cpp">
      <Filter>소스 파일\Game\Object\Monster</Filter>
    </ClCompile>
    <ClCompile Include="RespawnMonster.cpp">
      <Filter>소스 파일\Game\Object\Monster</Filter>
    </ClCompile>
    <ClCompile Include="TankMonster.cpp">
      <Filter>소스 파일\Game\Object\Monster</Filter>
    </ClCompile>
    <ClCompile Include="BombObject.cpp">
      <Filter>소스 파일\Game\Object\Interactable</Filter>
    </ClCompile>
    <ClCompile Include="Item.cpp">
      <Filter>소스 파일\Game\Object\Interactable</Filter>
    </ClCompile>
    <ClCompile Include="Projectile.cpp">
      <Filter>소스 파일\Game\Object\Interactable</Filter>
    </ClCompile>
    <ClCompile Include="BomberMonster.cpp">
      <Filter>소스 파일\Game\Object\Monster</Filter>
    </ClCompile>
    <ClCompile Include="TimeManager.cpp">
      <Filter>소스 파일\Game</Filter>
    </ClCompile>
    <ClCompile Include="Global.cpp">
      <Filter>소스 파일\Main</Filter>
    </ClCompile>
    <ClCompile Include="BoundingBox.cpp">
      <Filter>소스 파일\Game\Object\Interactable</Filter>
    </ClCompile>
  </ItemGroup>
</Project>