
Microsoft Visual Studio Solution File, Format Version 11.00
# Visual Studio 15
Project("{8BC9CEB8-8B4A-11D0-8D11-00A0C91BC942}") = "3d", "3d.vcxproj", "{0A335C0C-B2DF-4941-9781-2E772F88CECE}"
EndProject
Project("{8BC9CEB8-8B4A-11D0-8D11-00A0C91BC942}") = "asyncio", "asyncio.vcxproj", "{AF8F9918-B67E-4784-94A9-06F2A2D4CE81}"
EndProject
Project("{8BC9CEB8-8B4A-11D0-8D11-00A0C91BC942}") = "channel_groups", "channel_groups.vcxproj", "{1734027C-F490-4257-9836-562D559357ED}"
EndProject
Project("{8BC9CEB8-8B4A-11D0-8D11-00A0C91BC942}") = "convolution_reverb", "convolution_reverb.vcxproj", "{118FD82F-6700-4D6E-A7E6-59CB78124E72}"
EndProject
Project("{8BC9CEB8-8B4A-11D0-8D11-00A0C91BC942}") = "dsp_custom", "dsp_custom.vcxproj", "{722B7F1F-CA05-4079-8E8B-E858A9FB5208}"
EndProject
Project("{8BC9CEB8-8B4A-11D0-8D11-00A0C91BC942}") = "dsp_effect_per_speaker", "dsp_effect_per_speaker.vcxproj", "{CBBA8BB9-0001-4451-9E0F-817407DCDA60}"
EndProject
Project("{8BC9CEB8-8B4A-11D0-8D11-00A0C91BC942}") = "dsp_inspector", "dsp_inspector.vcxproj", "{A1AE1C6B-2C84-40E0-A4A2-BAE0FADFD4B8}"
EndProject
Project("{8BC9CEB8-8B4A-11D0-8D11-00A0C91BC942}") = "effects", "effects.vcxproj", "{E9CA7DEF-B0B1-4B5D-BC4B-9DA9EF7960FB}"
EndProject
Project("{8BC9CEB8-8B4A-11D0-8D11-00A0C91BC942}") = "gapless_playback", "gapless_playback.vcxproj", "{3C600764-E269-47D1-B19A-5AEDAC175906}"
EndProject
Project("{8BC9CEB8-8B4A-11D0-8D11-00A0C91BC942}") = "generate_tone", "generate_tone.vcxproj", "{E8BDFBBA-AE83-4B25-BA96-0FB64B58CB09}"
EndProject
Project("{8BC9CEB8-8B4A-11D0-8D11-00A0C91BC942}") = "granular_synth", "granular_synth.vcxproj", "{48F19D11-15F4-4736-B21D-279D229CB812}"
EndProject
Project("{8BC9CEB8-8B4A-11D0-8D11-00A0C91BC942}") = "load_from_memory", "load_from_memory.vcxproj", "{452DC45E-0E15-46F6-9425-0C7DE97D90E2}"
EndProject
Project("{8BC9CEB8-8B4A-11D0-8D11-00A0C91BC942}") = "multiple_speaker", "multiple_speaker.vcxproj", "{03234CE9-6F12-4E00-929F-F13E913816F7}"
EndProject
Project("{8BC9CEB8-8B4A-11D0-8D11-00A0C91BC942}") = "multiple_system", "multiple_system.vcxproj", "{8901734A-3EF7-4A72-81F5-28AD3E5268CC}"
EndProject
Project("{8BC9CEB8-8B4A-11D0-8D11-00A0C91BC942}") = "net_stream", "net_stream.vcxproj", "{7ED25412-FAC5-4862-B972-88BDECAC3BE5}"
EndProject
Project("{8BC9CEB8-8B4A-11D0-8D11-00A0C91BC942}") = "play_sound", "play_sound.vcxproj", "{F1428AF1-BB85-43EB-948D-F4419A920CEC}"
EndProject
Project("{8BC9CEB8-8B4A-11D0-8D11-00A0C91BC942}") = "play_stream", "play_stream.vcxproj", "{EA9F99E8-C9C7-4DE4-86A4-B9A078B0EECD}"
EndProject
Project("{8BC9CEB8-8B4A-11D0-8D11-00A0C91BC942}") = "record", "record.vcxproj", "{19CB5819-7183-42EA-BE68-0F2029C0974F}"
EndProject
Project("{8BC9CEB8-8B4A-11D0-8D11-00A0C91BC942}") = "record_enumeration", "record_enumeration.vcxproj", "{5645114B-ACBC-4A9A-9227-D5C817EA3312}"
EndProject
Project("{8BC9CEB8-8B4A-11D0-8D11-00A0C91BC942}") = "user_created_sound", "user_created_sound.vcxproj", "{9245B503-A45F-42DE-99C9-A5C73A0456C1}"
EndProject
Project("{8BC9CEB8-8B4A-11D0-8D11-00A0C91BC942}") = "fmod_codec_raw", "fmod_codec_raw.vcxproj", "{4A975BDE-0946-4EB0-A500-A23CD0F87FB1}"
EndProject
Project("{8BC9CEB8-8B4A-11D0-8D11-00A0C91BC942}") = "fmod_distance_filter", "fmod_distance_filter.vcxproj", "{C2BFF5BF-CEA8-4910-8606-33A7638B3FCD}"
EndProject
Project("{8BC9CEB8-8B4A-11D0-8D11-00A0C91BC942}") = "fmod_gain", "fmod_gain.vcxproj", "{9B571777-6CFD-468B-AD29-0E815222F9C8}"
EndProject
Project("{8BC9CEB8-8B4A-11D0-8D11-00A0C91BC942}") = "fmod_noise", "fmod_noise.vcxproj", "{2410E313-ABEA-497D-9330-F4EF08545928}"
EndProject
Project("{8BC9CEB8-8B4A-11D0-8D11-00A0C91BC942}") = "fmod_rnbo", "fmod_rnbo.vcxproj", "{42DE175F-21C0-472B-85D6-A58A5AE405A3}"
EndProject
Project("{8BC9CEB8-8B4A-11D0-8D11-00A0C91BC942}") = "output_mp3", "output_mp3.vcxproj", "{BD64893B-92B2-4C0A-AC19-3F368CFD60F5}"
EndProject
Global
	GlobalSection(SolutionConfigurationPlatforms) = preSolution
		Debug|Win32 = Debug|Win32
		Debug|x64 = Debug|x64
		Debug|ARM64 = Debug|ARM64
		Release|Win32 = Release|Win32
		Release|x64 = Release|x64
		Release|ARM64 = Release|ARM64
	EndGlobalSection
	GlobalSection(ProjectConfigurationPlatforms) = postSolution
		{0A335C0C-B2DF-4941-9781-2E772F88CECE}.Debug|Win32.ActiveCfg = Debug|Win32
		{0A335C0C-B2DF-4941-9781-2E772F88CECE}.Debug|Win32.Build.0 = Debug|Win32
		{0A335C0C-B2DF-4941-9781-2E772F88CECE}.Debug|Win32.Deploy.0 = Debug|Win32
		{0A335C0C-B2DF-4941-9781-2E772F88CECE}.Debug|x64.ActiveCfg = Debug|x64
		{0A335C0C-B2DF-4941-9781-2E772F88CECE}.Debug|x64.Build.0 = Debug|x64
		{0A335C0C-B2DF-4941-9781-2E772F88CECE}.Debug|x64.Deploy.0 = Debug|x64
		{0A335C0C-B2DF-4941-9781-2E772F88CECE}.Debug|ARM64.ActiveCfg = Debug|ARM64
		{0A335C0C-B2DF-4941-9781-2E772F88CECE}.Debug|ARM64.Build.0 = Debug|ARM64
		{0A335C0C-B2DF-4941-9781-2E772F88CECE}.Debug|ARM64.Deploy.0 = Debug|ARM64
		{0A335C0C-B2DF-4941-9781-2E772F88CECE}.Release|Win32.ActiveCfg = Release|Win32
		{0A335C0C-B2DF-4941-9781-2E772F88CECE}.Release|Win32.Build.0 = Release|Win32
		{0A335C0C-B2DF-4941-9781-2E772F88CECE}.Release|Win32.Deploy.0 = Release|Win32
		{0A335C0C-B2DF-4941-9781-2E772F88CECE}.Release|x64.ActiveCfg = Release|x64
		{0A335C0C-B2DF-4941-9781-2E772F88CECE}.Release|x64.Build.0 = Release|x64
		{0A335C0C-B2DF-4941-9781-2E772F88CECE}.Release|x64.Deploy.0 = Release|x64
		{0A335C0C-B2DF-4941-9781-2E772F88CECE}.Release|ARM64.ActiveCfg = Release|ARM64
		{0A335C0C-B2DF-4941-9781-2E772F88CECE}.Release|ARM64.Build.0 = Release|ARM64
		{0A335C0C-B2DF-4941-9781-2E772F88CECE}.Release|ARM64.Deploy.0 = Release|ARM64
		{AF8F9918-B67E-4784-94A9-06F2A2D4CE81}.Debug|Win32.ActiveCfg = Debug|Win32
		{AF8F9918-B67E-4784-94A9-06F2A2D4CE81}.Debug|Win32.Build.0 = Debug|Win32
		{AF8F9918-B67E-4784-94A9-06F2A2D4CE81}.Debug|Win32.Deploy.0 = Debug|Win32
		{AF8F9918-B67E-4784-94A9-06F2A2D4CE81}.Debug|x64.ActiveCfg = Debug|x64
		{AF8F9918-B67E-4784-94A9-06F2A2D4CE81}.Debug|x64.Build.0 = Debug|x64
		{AF8F9918-B67E-4784-94A9-06F2A2D4CE81}.Debug|x64.Deploy.0 = Debug|x64
		{AF8F9918-B67E-4784-94A9-06F2A2D4CE81}.Debug|ARM64.ActiveCfg = Debug|ARM64
		{AF8F9918-B67E-4784-94A9-06F2A2D4CE81}.Debug|ARM64.Build.0 = Debug|ARM64
		{AF8F9918-B67E-4784-94A9-06F2A2D4CE81}.Debug|ARM64.Deploy.0 = Debug|ARM64
		{AF8F9918-B67E-4784-94A9-06F2A2D4CE81}.Release|Win32.ActiveCfg = Release|Win32
		{AF8F9918-B67E-4784-94A9-06F2A2D4CE81}.Release|Win32.Build.0 = Release|Win32
		{AF8F9918-B67E-4784-94A9-06F2A2D4CE81}.Release|Win32.Deploy.0 = Release|Win32
		{AF8F9918-B67E-4784-94A9-06F2A2D4CE81}.Release|x64.ActiveCfg = Release|x64
		{AF8F9918-B67E-4784-94A9-06F2A2D4CE81}.Release|x64.Build.0 = Release|x64
		{AF8F9918-B67E-4784-94A9-06F2A2D4CE81}.Release|x64.Deploy.0 = Release|x64
		{AF8F9918-B67E-4784-94A9-06F2A2D4CE81}.Release|ARM64.ActiveCfg = Release|ARM64
		{AF8F9918-B67E-4784-94A9-06F2A2D4CE81}.Release|ARM64.Build.0 = Release|ARM64
		{AF8F9918-B67E-4784-94A9-06F2A2D4CE81}.Release|ARM64.Deploy.0 = Release|ARM64
		{1734027C-F490-4257-9836-562D559357ED}.Debug|Win32.ActiveCfg = Debug|Win32
		{1734027C-F490-4257-9836-562D559357ED}.Debug|Win32.Build.0 = Debug|Win32
		{1734027C-F490-4257-9836-562D559357ED}.Debug|Win32.Deploy.0 = Debug|Win32
		{1734027C-F490-4257-9836-562D559357ED}.Debug|x64.ActiveCfg = Debug|x64
		{1734027C-F490-4257-9836-562D559357ED}.Debug|x64.Build.0 = Debug|x64
		{1734027C-F490-4257-9836-562D559357ED}.Debug|x64.Deploy.0 = Debug|x64
		{1734027C-F490-4257-9836-562D559357ED}.Debug|ARM64.ActiveCfg = Debug|ARM64
		{1734027C-F490-4257-9836-562D559357ED}.Debug|ARM64.Build.0 = Debug|ARM64
		{1734027C-F490-4257-9836-562D559357ED}.Debug|ARM64.Deploy.0 = Debug|ARM64
		{1734027C-F490-4257-9836-562D559357ED}.Release|Win32.ActiveCfg = Release|Win32
		{1734027C-F490-4257-9836-562D559357ED}.Release|Win32.Build.0 = Release|Win32
		{1734027C-F490-4257-9836-562D559357ED}.Release|Win32.Deploy.0 = Release|Win32
		{1734027C-F490-4257-9836-562D559357ED}.Release|x64.ActiveCfg = Release|x64
		{1734027C-F490-4257-9836-562D559357ED}.Release|x64.Build.0 = Release|x64
		{1734027C-F490-4257-9836-562D559357ED}.Release|x64.Deploy.0 = Release|x64
		{1734027C-F490-4257-9836-562D559357ED}.Release|ARM64.ActiveCfg = Release|ARM64
		{1734027C-F490-4257-9836-562D559357ED}.Release|ARM64.Build.0 = Release|ARM64
		{1734027C-F490-4257-9836-562D559357ED}.Release|ARM64.Deploy.0 = Release|ARM64
		{118FD82F-6700-4D6E-A7E6-59CB78124E72}.Debug|Win32.ActiveCfg = Debug|Win32
		{118FD82F-6700-4D6E-A7E6-59CB78124E72}.Debug|Win32.Build.0 = Debug|Win32
		{118FD82F-6700-4D6E-A7E6-59CB78124E72}.Debug|Win32.Deploy.0 = Debug|Win32
		{118FD82F-6700-4D6E-A7E6-59CB78124E72}.Debug|x64.ActiveCfg = Debug|x64
		{118FD82F-6700-4D6E-A7E6-59CB78124E72}.Debug|x64.Build.0 = Debug|x64
		{118FD82F-6700-4D6E-A7E6-59CB78124E72}.Debug|x64.Deploy.0 = Debug|x64
		{118FD82F-6700-4D6E-A7E6-59CB78124E72}.Debug|ARM64.ActiveCfg = Debug|ARM64
		{118FD82F-6700-4D6E-A7E6-59CB78124E72}.Debug|ARM64.Build.0 = Debug|ARM64
		{118FD82F-6700-4D6E-A7E6-59CB78124E72}.Debug|ARM64.Deploy.0 = Debug|ARM64
		{118FD82F-6700-4D6E-A7E6-59CB78124E72}.Release|Win32.ActiveCfg = Release|Win32
		{118FD82F-6700-4D6E-A7E6-59CB78124E72}.Release|Win32.Build.0 = Release|Win32
		{118FD82F-6700-4D6E-A7E6-59CB78124E72}.Release|Win32.Deploy.0 = Release|Win32
		{118FD82F-6700-4D6E-A7E6-59CB78124E72}.Release|x64.ActiveCfg = Release|x64
		{118FD82F-6700-4D6E-A7E6-59CB78124E72}.Release|x64.Build.0 = Release|x64
		{118FD82F-6700-4D6E-A7E6-59CB78124E72}.Release|x64.Deploy.0 = Release|x64
		{118FD82F-6700-4D6E-A7E6-59CB78124E72}.Release|ARM64.ActiveCfg = Release|ARM64
		{118FD82F-6700-4D6E-A7E6-59CB78124E72}.Release|ARM64.Build.0 = Release|ARM64
		{118FD82F-6700-4D6E-A7E6-59CB78124E72}.Release|ARM64.Deploy.0 = Release|ARM64
		{722B7F1F-CA05-4079-8E8B-E858A9FB5208}.Debug|Win32.ActiveCfg = Debug|Win32
		{722B7F1F-CA05-4079-8E8B-E858A9FB5208}.Debug|Win32.Build.0 = Debug|Win32
		{722B7F1F-CA05-4079-8E8B-E858A9FB5208}.Debug|Win32.Deploy.0 = Debug|Win32
		{722B7F1F-CA05-4079-8E8B-E858A9FB5208}.Debug|x64.ActiveCfg = Debug|x64
		{722B7F1F-CA05-4079-8E8B-E858A9FB5208}.Debug|x64.Build.0 = Debug|x64
		{722B7F1F-CA05-4079-8E8B-E858A9FB5208}.Debug|x64.Deploy.0 = Debug|x64
		{722B7F1F-CA05-4079-8E8B-E858A9FB5208}.Debug|ARM64.ActiveCfg = Debug|ARM64
		{722B7F1F-CA05-4079-8E8B-E858A9FB5208}.Debug|ARM64.Build.0 = Debug|ARM64
		{722B7F1F-CA05-4079-8E8B-E858A9FB5208}.Debug|ARM64.Deploy.0 = Debug|ARM64
		{722B7F1F-CA05-4079-8E8B-E858A9FB5208}.Release|Win32.ActiveCfg = Release|Win32
		{722B7F1F-CA05-4079-8E8B-E858A9FB5208}.Release|Win32.Build.0 = Release|Win32
		{722B7F1F-CA05-4079-8E8B-E858A9FB5208}.Release|Win32.Deploy.0 = Release|Win32
		{722B7F1F-CA05-4079-8E8B-E858A9FB5208}.Release|x64.ActiveCfg = Release|x64
		{722B7F1F-CA05-4079-8E8B-E858A9FB5208}.Release|x64.Build.0 = Release|x64
		{722B7F1F-CA05-4079-8E8B-E858A9FB5208}.Release|x64.Deploy.0 = Release|x64
		{722B7F1F-CA05-4079-8E8B-E858A9FB5208}.Release|ARM64.ActiveCfg = Release|ARM64
		{722B7F1F-CA05-4079-8E8B-E858A9FB5208}.Release|ARM64.Build.0 = Release|ARM64
		{722B7F1F-CA05-4079-8E8B-E858A9FB5208}.Release|ARM64.Deploy.0 = Release|ARM64
		{CBBA8BB9-0001-4451-9E0F-817407DCDA60}.Debug|Win32.ActiveCfg = Debug|Win32
		{CBBA8BB9-0001-4451-9E0F-817407DCDA60}.Debug|Win32.Build.0 = Debug|Win32
		{CBBA8BB9-0001-4451-9E0F-817407DCDA60}.Debug|Win32.Deploy.0 = Debug|Win32
		{CBBA8BB9-0001-4451-9E0F-817407DCDA60}.Debug|x64.ActiveCfg = Debug|x64
		{CBBA8BB9-0001-4451-9E0F-817407DCDA60}.Debug|x64.Build.0 = Debug|x64
		{CBBA8BB9-0001-4451-9E0F-817407DCDA60}.Debug|x64.Deploy.0 = Debug|x64
		{CBBA8BB9-0001-4451-9E0F-817407DCDA60}.Debug|ARM64.ActiveCfg = Debug|ARM64
		{CBBA8BB9-0001-4451-9E0F-817407DCDA60}.Debug|ARM64.Build.0 = Debug|ARM64
		{CBBA8BB9-0001-4451-9E0F-817407DCDA60}.Debug|ARM64.Deploy.0 = Debug|ARM64
		{CBBA8BB9-0001-4451-9E0F-817407DCDA60}.Release|Win32.ActiveCfg = Release|Win32
		{CBBA8BB9-0001-4451-9E0F-817407DCDA60}.Release|Win32.Build.0 = Release|Win32
		{CBBA8BB9-0001-4451-9E0F-817407DCDA60}.Release|Win32.Deploy.0 = Release|Win32
		{CBBA8BB9-0001-4451-9E0F-817407DCDA60}.Release|x64.ActiveCfg = Release|x64
		{CBBA8BB9-0001-4451-9E0F-817407DCDA60}.Release|x64.Build.0 = Release|x64
		{CBBA8BB9-0001-4451-9E0F-817407DCDA60}.Release|x64.Deploy.0 = Release|x64
		{CBBA8BB9-0001-4451-9E0F-817407DCDA60}.Release|ARM64.ActiveCfg = Release|ARM64
		{CBBA8BB9-0001-4451-9E0F-817407DCDA60}.Release|ARM64.Build.0 = Release|ARM64
		{CBBA8BB9-0001-4451-9E0F-817407DCDA60}.Release|ARM64.Deploy.0 = Release|ARM64
		{A1AE1C6B-2C84-40E0-A4A2-BAE0FADFD4B8}.Debug|Win32.ActiveCfg = Debug|Win32
		{A1AE1C6B-2C84-40E0-A4A2-BAE0FADFD4B8}.Debug|Win32.Build.0 = Debug|Win32
		{A1AE1C6B-2C84-40E0-A4A2-BAE0FADFD4B8}.Debug|Win32.Deploy.0 = Debug|Win32
		{A1AE1C6B-2C84-40E0-A4A2-BAE0FADFD4B8}.Debug|x64.ActiveCfg = Debug|x64
		{A1AE1C6B-2C84-40E0-A4A2-BAE0FADFD4B8}.Debug|x64.Build.0 = Debug|x64
		{A1AE1C6B-2C84-40E0-A4A2-BAE0FADFD4B8}.Debug|x64.Deploy.0 = Debug|x64
		{A1AE1C6B-2C84-40E0-A4A2-BAE0FADFD4B8}.Debug|ARM64.ActiveCfg = Debug|ARM64
		{A1AE1C6B-2C84-40E0-A4A2-BAE0FADFD4B8}.Debug|ARM64.Build.0 = Debug|ARM64
		{A1AE1C6B-2C84-40E0-A4A2-BAE0FADFD4B8}.Debug|ARM64.Deploy.0 = Debug|ARM64
		{A1AE1C6B-2C84-40E0-A4A2-BAE0FADFD4B8}.Release|Win32.ActiveCfg = Release|Win32
		{A1AE1C6B-2C84-40E0-A4A2-BAE0FADFD4B8}.Release|Win32.Build.0 = Release|Win32
		{A1AE1C6B-2C84-40E0-A4A2-BAE0FADFD4B8}.Release|Win32.Deploy.0 = Release|Win32
		{A1AE1C6B-2C84-40E0-A4A2-BAE0FADFD4B8}.Release|x64.ActiveCfg = Release|x64
		{A1AE1C6B-2C84-40E0-A4A2-BAE0FADFD4B8}.Release|x64.Build.0 = Release|x64
		{A1AE1C6B-2C84-40E0-A4A2-BAE0FADFD4B8}.Release|x64.Deploy.0 = Release|x64
		{A1AE1C6B-2C84-40E0-A4A2-BAE0FADFD4B8}.Release|ARM64.ActiveCfg = Release|ARM64
		{A1AE1C6B-2C84-40E0-A4A2-BAE0FADFD4B8}.Release|ARM64.Build.0 = Release|ARM64
		{A1AE1C6B-2C84-40E0-A4A2-BAE0FADFD4B8}.Release|ARM64.Deploy.0 = Release|ARM64
		{E9CA7DEF-B0B1-4B5D-BC4B-9DA9EF7960FB}.Debug|Win32.ActiveCfg = Debug|Win32
		{E9CA7DEF-B0B1-4B5D-BC4B-9DA9EF7960FB}.Debug|Win32.Build.0 = Debug|Win32
		{E9CA7DEF-B0B1-4B5D-BC4B-9DA9EF7960FB}.Debug|Win32.Deploy.0 = Debug|Win32
		{E9CA7DEF-B0B1-4B5D-BC4B-9DA9EF7960FB}.Debug|x64.ActiveCfg = Debug|x64
		{E9CA7DEF-B0B1-4B5D-BC4B-9DA9EF7960FB}.Debug|x64.Build.0 = Debug|x64
		{E9CA7DEF-B0B1-4B5D-BC4B-9DA9EF7960FB}.Debug|x64.Deploy.0 = Debug|x64
		{E9CA7DEF-B0B1-4B5D-BC4B-9DA9EF7960FB}.Debug|ARM64.ActiveCfg = Debug|ARM64
		{E9CA7DEF-B0B1-4B5D-BC4B-9DA9EF7960FB}.Debug|ARM64.Build.0 = Debug|ARM64
		{E9CA7DEF-B0B1-4B5D-BC4B-9DA9EF7960FB}.Debug|ARM64.Deploy.0 = Debug|ARM64
		{E9CA7DEF-B0B1-4B5D-BC4B-9DA9EF7960FB}.Release|Win32.ActiveCfg = Release|Win32
		{E9CA7DEF-B0B1-4B5D-BC4B-9DA9EF7960FB}.Release|Win32.Build.0 = Release|Win32
		{E9CA7DEF-B0B1-4B5D-BC4B-9DA9EF7960FB}.Release|Win32.Deploy.0 = Release|Win32
		{E9CA7DEF-B0B1-4B5D-BC4B-9DA9EF7960FB}.Release|x64.ActiveCfg = Release|x64
		{E9CA7DEF-B0B1-4B5D-BC4B-9DA9EF7960FB}.Release|x64.Build.0 = Release|x64
		{E9CA7DEF-B0B1-4B5D-BC4B-9DA9EF7960FB}.Release|x64.Deploy.0 = Release|x64
		{E9CA7DEF-B0B1-4B5D-BC4B-9DA9EF7960FB}.Release|ARM64.ActiveCfg = Release|ARM64
		{E9CA7DEF-B0B1-4B5D-BC4B-9DA9EF7960FB}.Release|ARM64.Build.0 = Release|ARM64
		{E9CA7DEF-B0B1-4B5D-BC4B-9DA9EF7960FB}.Release|ARM64.Deploy.0 = Release|ARM64
		{3C600764-E269-47D1-B19A-5AEDAC175906}.Debug|Win32.ActiveCfg = Debug|Win32
		{3C600764-E269-47D1-B19A-5AEDAC175906}.Debug|Win32.Build.0 = Debug|Win32
		{3C600764-E269-47D1-B19A-5AEDAC175906}.Debug|Win32.Deploy.0 = Debug|Win32
		{3C600764-E269-47D1-B19A-5AEDAC175906}.Debug|x64.ActiveCfg = Debug|x64
		{3C600764-E269-47D1-B19A-5AEDAC175906}.Debug|x64.Build.0 = Debug|x64
		{3C600764-E269-47D1-B19A-5AEDAC175906}.Debug|x64.Deploy.0 = Debug|x64
		{3C600764-E269-47D1-B19A-5AEDAC175906}.Debug|ARM64.ActiveCfg = Debug|ARM64
		{3C600764-E269-47D1-B19A-5AEDAC175906}.Debug|ARM64.Build.0 = Debug|ARM64
		{3C600764-E269-47D1-B19A-5AEDAC175906}.Debug|ARM64.Deploy.0 = Debug|ARM64
		{3C600764-E269-47D1-B19A-5AEDAC175906}.Release|Win32.ActiveCfg = Release|Win32
		{3C600764-E269-47D1-B19A-5AEDAC175906}.Release|Win32.Build.0 = Release|Win32
		{3C600764-E269-47D1-B19A-5AEDAC175906}.Release|Win32.Deploy.0 = Release|Win32
		{3C600764-E269-47D1-B19A-5AEDAC175906}.Release|x64.ActiveCfg = Release|x64
		{3C600764-E269-47D1-B19A-5AEDAC175906}.Release|x64.Build.0 = Release|x64
		{3C600764-E269-47D1-B19A-5AEDAC175906}.Release|x64.Deploy.0 = Release|x64
		{3C600764-E269-47D1-B19A-5AEDAC175906}.Release|ARM64.ActiveCfg = Release|ARM64
		{3C600764-E269-47D1-B19A-5AEDAC175906}.Release|ARM64.Build.0 = Release|ARM64
		{3C600764-E269-47D1-B19A-5AEDAC175906}.Release|ARM64.Deploy.0 = Release|ARM64
		{E8BDFBBA-AE83-4B25-BA96-0FB64B58CB09}.Debug|Win32.ActiveCfg = Debug|Win32
		{E8BDFBBA-AE83-4B25-BA96-0FB64B58CB09}.Debug|Win32.Build.0 = Debug|Win32
		{E8BDFBBA-AE83-4B25-BA96-0FB64B58CB09}.Debug|Win32.Deploy.0 = Debug|Win32
		{E8BDFBBA-AE83-4B25-BA96-0FB64B58CB09}.Debug|x64.ActiveCfg = Debug|x64
		{E8BDFBBA-AE83-4B25-BA96-0FB64B58CB09}.Debug|x64.Build.0 = Debug|x64
		{E8BDFBBA-AE83-4B25-BA96-0FB64B58CB09}.Debug|x64.Deploy.0 = Debug|x64
		{E8BDFBBA-AE83-4B25-BA96-0FB64B58CB09}.Debug|ARM64.ActiveCfg = Debug|ARM64
		{E8BDFBBA-AE83-4B25-BA96-0FB64B58CB09}.Debug|ARM64.Build.0 = Debug|ARM64
		{E8BDFBBA-AE83-4B25-BA96-0FB64B58CB09}.Debug|ARM64.Deploy.0 = Debug|ARM64
		{E8BDFBBA-AE83-4B25-BA96-0FB64B58CB09}.Release|Win32.ActiveCfg = Release|Win32
		{E8BDFBBA-AE83-4B25-BA96-0FB64B58CB09}.Release|Win32.Build.0 = Release|Win32
		{E8BDFBBA-AE83-4B25-BA96-0FB64B58CB09}.Release|Win32.Deploy.0 = Release|Win32
		{E8BDFBBA-AE83-4B25-BA96-0FB64B58CB09}.Release|x64.ActiveCfg = Release|x64
		{E8BDFBBA-AE83-4B25-BA96-0FB64B58CB09}.Release|x64.Build.0 = Release|x64
		{E8BDFBBA-AE83-4B25-BA96-0FB64B58CB09}.Release|x64.Deploy.0 = Release|x64
		{E8BDFBBA-AE83-4B25-BA96-0FB64B58CB09}.Release|ARM64.ActiveCfg = Release|ARM64
		{E8BDFBBA-AE83-4B25-BA96-0FB64B58CB09}.Release|ARM64.Build.0 = Release|ARM64
		{E8BDFBBA-AE83-4B25-BA96-0FB64B58CB09}.Release|ARM64.Deploy.0 = Release|ARM64
		{48F19D11-15F4-4736-B21D-279D229CB812}.Debug|Win32.ActiveCfg = Debug|Win32
		{48F19D11-15F4-4736-B21D-279D229CB812}.Debug|Win32.Build.0 = Debug|Win32
		{48F19D11-15F4-4736-B21D-279D229CB812}.Debug|Win32.Deploy.0 = Debug|Win32
		{48F19D11-15F4-4736-B21D-279D229CB812}.Debug|x64.ActiveCfg = Debug|x64
		{48F19D11-15F4-4736-B21D-279D229CB812}.Debug|x64.Build.0 = Debug|x64
		{48F19D11-15F4-4736-B21D-279D229CB812}.Debug|x64.Deploy.0 = Debug|x64
		{48F19D11-15F4-4736-B21D-279D229CB812}.Debug|ARM64.ActiveCfg = Debug|ARM64
		{48F19D11-15F4-4736-B21D-279D229CB812}.Debug|ARM64.Build.0 = Debug|ARM64
		{48F19D11-15F4-4736-B21D-279D229CB812}.Debug|ARM64.Deploy.0 = Debug|ARM64
		{48F19D11-15F4-4736-B21D-279D229CB812}.Release|Win32.ActiveCfg = Release|Win32
		{48F19D11-15F4-4736-B21D-279D229CB812}.Release|Win32.Build.0 = Release|Win32
		{48F19D11-15F4-4736-B21D-279D229CB812}.Release|Win32.Deploy.0 = Release|Win32
		{48F19D11-15F4-4736-B21D-279D229CB812}.Release|x64.ActiveCfg = Release|x64
		{48F19D11-15F4-4736-B21D-279D229CB812}.Release|x64.Build.0 = Release|x64
		{48F19D11-15F4-4736-B21D-279D229CB812}.Release|x64.Deploy.0 = Release|x64
		{48F19D11-15F4-4736-B21D-279D229CB812}.Release|ARM64.ActiveCfg = Release|ARM64
		{48F19D11-15F4-4736-B21D-279D229CB812}.Release|ARM64.Build.0 = Release|ARM64
		{48F19D11-15F4-4736-B21D-279D229CB812}.Release|ARM64.Deploy.0 = Release|ARM64
		{452DC45E-0E15-46F6-9425-0C7DE97D90E2}.Debug|Win32.ActiveCfg = Debug|Win32
		{452DC45E-0E15-46F6-9425-0C7DE97D90E2}.Debug|Win32.Build.0 = Debug|Win32
		{452DC45E-0E15-46F6-9425-0C7DE97D90E2}.Debug|Win32.Deploy.0 = Debug|Win32
		{452DC45E-0E15-46F6-9425-0C7DE97D90E2}.Debug|x64.ActiveCfg = Debug|x64
		{452DC45E-0E15-46F6-9425-0C7DE97D90E2}.Debug|x64.Build.0 = Debug|x64
		{452DC45E-0E15-46F6-9425-0C7DE97D90E2}.Debug|x64.Deploy.0 = Debug|x64
		{452DC45E-0E15-46F6-9425-0C7DE97D90E2}.Debug|ARM64.ActiveCfg = Debug|ARM64
		{452DC45E-0E15-46F6-9425-0C7DE97D90E2}.Debug|ARM64.Build.0 = Debug|ARM64
		{452DC45E-0E15-46F6-9425-0C7DE97D90E2}.Debug|ARM64.Deploy.0 = Debug|ARM64
		{452DC45E-0E15-46F6-9425-0C7DE97D90E2}.Release|Win32.ActiveCfg = Release|Win32
		{452DC45E-0E15-46F6-9425-0C7DE97D90E2}.Release|Win32.Build.0 = Release|Win32
		{452DC45E-0E15-46F6-9425-0C7DE97D90E2}.Release|Win32.Deploy.0 = Release|Win32
		{452DC45E-0E15-46F6-9425-0C7DE97D90E2}.Release|x64.ActiveCfg = Release|x64
		{452DC45E-0E15-46F6-9425-0C7DE97D90E2}.Release|x64.Build.0 = Release|x64
		{452DC45E-0E15-46F6-9425-0C7DE97D90E2}.Release|x64.Deploy.0 = Release|x64
		{452DC45E-0E15-46F6-9425-0C7DE97D90E2}.Release|ARM64.ActiveCfg = Release|ARM64
		{452DC45E-0E15-46F6-9425-0C7DE97D90E2}.Release|ARM64.Build.0 = Release|ARM64
		{452DC45E-0E15-46F6-9425-0C7DE97D90E2}.Release|ARM64.Deploy.0 = Release|ARM64
		{03234CE9-6F12-4E00-929F-F13E913816F7}.Debug|Win32.ActiveCfg = Debug|Win32
		{03234CE9-6F12-4E00-929F-F13E913816F7}.Debug|Win32.Build.0 = Debug|Win32
		{03234CE9-6F12-4E00-929F-F13E913816F7}.Debug|Win32.Deploy.0 = Debug|Win32
		{03234CE9-6F12-4E00-929F-F13E913816F7}.Debug|x64.ActiveCfg = Debug|x64
		{03234CE9-6F12-4E00-929F-F13E913816F7}.Debug|x64.Build.0 = Debug|x64
		{03234CE9-6F12-4E00-929F-F13E913816F7}.Debug|x64.Deploy.0 = Debug|x64
		{03234CE9-6F12-4E00-929F-F13E913816F7}.Debug|ARM64.ActiveCfg = Debug|ARM64
		{03234CE9-6F12-4E00-929F-F13E913816F7}.Debug|ARM64.Build.0 = Debug|ARM64
		{03234CE9-6F12-4E00-929F-F13E913816F7}.Debug|ARM64.Deploy.0 = Debug|ARM64
		{03234CE9-6F12-4E00-929F-F13E913816F7}.Release|Win32.ActiveCfg = Release|Win32
		{03234CE9-6F12-4E00-929F-F13E913816F7}.Release|Win32.Build.0 = Release|Win32
		{03234CE9-6F12-4E00-929F-F13E913816F7}.Release|Win32.Deploy.0 = Release|Win32
		{03234CE9-6F12-4E00-929F-F13E913816F7}.Release|x64.ActiveCfg = Release|x64
		{03234CE9-6F12-4E00-929F-F13E913816F7}.Release|x64.Build.0 = Release|x64
		{03234CE9-6F12-4E00-929F-F13E913816F7}.Release|x64.Deploy.0 = Release|x64
		{03234CE9-6F12-4E00-929F-F13E913816F7}.Release|ARM64.ActiveCfg = Release|ARM64
		{03234CE9-6F12-4E00-929F-F13E913816F7}.Release|ARM64.Build.0 = Release|ARM64
		{03234CE9-6F12-4E00-929F-F13E913816F7}.Release|ARM64.Deploy.0 = Release|ARM64
		{8901734A-3EF7-4A72-81F5-28AD3E5268CC}.Debug|Win32.ActiveCfg = Debug|Win32
		{8901734A-3EF7-4A72-81F5-28AD3E5268CC}.Debug|Win32.Build.0 = Debug|Win32
		{8901734A-3EF7-4A72-81F5-28AD3E5268CC}.Debug|Win32.Deploy.0 = Debug|Win32
		{8901734A-3EF7-4A72-81F5-28AD3E5268CC}.Debug|x64.ActiveCfg = Debug|x64
		{8901734A-3EF7-4A72-81F5-28AD3E5268CC}.Debug|x64.Build.0 = Debug|x64
		{8901734A-3EF7-4A72-81F5-28AD3E5268CC}.Debug|x64.Deploy.0 = Debug|x64
		{8901734A-3EF7-4A72-81F5-28AD3E5268CC}.Debug|ARM64.ActiveCfg = Debug|ARM64
		{8901734A-3EF7-4A72-81F5-28AD3E5268CC}.Debug|ARM64.Build.0 = Debug|ARM64
		{8901734A-3EF7-4A72-81F5-28AD3E5268CC}.Debug|ARM64.Deploy.0 = Debug|ARM64
		{8901734A-3EF7-4A72-81F5-28AD3E5268CC}.Release|Win32.ActiveCfg = Release|Win32
		{8901734A-3EF7-4A72-81F5-28AD3E5268CC}.Release|Win32.Build.0 = Release|Win32
		{8901734A-3EF7-4A72-81F5-28AD3E5268CC}.Release|Win32.Deploy.0 = Release|Win32
		{8901734A-3EF7-4A72-81F5-28AD3E5268CC}.Release|x64.ActiveCfg = Release|x64
		{8901734A-3EF7-4A72-81F5-28AD3E5268CC}.Release|x64.Build.0 = Release|x64
		{8901734A-3EF7-4A72-81F5-28AD3E5268CC}.Release|x64.Deploy.0 = Release|x64
		{8901734A-3EF7-4A72-81F5-28AD3E5268CC}.Release|ARM64.ActiveCfg = Release|ARM64
		{8901734A-3EF7-4A72-81F5-28AD3E5268CC}.Release|ARM64.Build.0 = Release|ARM64
		{8901734A-3EF7-4A72-81F5-28AD3E5268CC}.Release|ARM64.Deploy.0 = Release|ARM64
		{7ED25412-FAC5-4862-B972-88BDECAC3BE5}.Debug|Win32.ActiveCfg = Debug|Win32
		{7ED25412-FAC5-4862-B972-88BDECAC3BE5}.Debug|Win32.Build.0 = Debug|Win32
		{7ED25412-FAC5-4862-B972-88BDECAC3BE5}.Debug|Win32.Deploy.0 = Debug|Win32
		{7ED25412-FAC5-4862-B972-88BDECAC3BE5}.Debug|x64.ActiveCfg = Debug|x64
		{7ED25412-FAC5-4862-B972-88BDECAC3BE5}.Debug|x64.Build.0 = Debug|x64
		{7ED25412-FAC5-4862-B972-88BDECAC3BE5}.Debug|x64.Deploy.0 = Debug|x64
		{7ED25412-FAC5-4862-B972-88BDECAC3BE5}.Debug|ARM64.ActiveCfg = Debug|ARM64
		{7ED25412-FAC5-4862-B972-88BDECAC3BE5}.Debug|ARM64.Build.0 = Debug|ARM64
		{7ED25412-FAC5-4862-B972-88BDECAC3BE5}.Debug|ARM64.Deploy.0 = Debug|ARM64
		{7ED25412-FAC5-4862-B972-88BDECAC3BE5}.Release|Win32.ActiveCfg = Release|Win32
		{7ED25412-FAC5-4862-B972-88BDECAC3BE5}.Release|Win32.Build.0 = Release|Win32
		{7ED25412-FAC5-4862-B972-88BDECAC3BE5}.Release|Win32.Deploy.0 = Release|Win32
		{7ED25412-FAC5-4862-B972-88BDECAC3BE5}.Release|x64.ActiveCfg = Release|x64
		{7ED25412-FAC5-4862-B972-88BDECAC3BE5}.Release|x64.Build.0 = Release|x64
		{7ED25412-FAC5-4862-B972-88BDECAC3BE5}.Release|x64.Deploy.0 = Release|x64
		{7ED25412-FAC5-4862-B972-88BDECAC3BE5}.Release|ARM64.ActiveCfg = Release|ARM64
		{7ED25412-FAC5-4862-B972-88BDECAC3BE5}.Release|ARM64.Build.0 = Release|ARM64
		{7ED25412-FAC5-4862-B972-88BDECAC3BE5}.Release|ARM64.Deploy.0 = Release|ARM64
		{F1428AF1-BB85-43EB-948D-F4419A920CEC}.Debug|Win32.ActiveCfg = Debug|Win32
		{F1428AF1-BB85-43EB-948D-F4419A920CEC}.Debug|Win32.Build.0 = Debug|Win32
		{F1428AF1-BB85-43EB-948D-F4419A920CEC}.Debug|Win32.Deploy.0 = Debug|Win32
		{F1428AF1-BB85-43EB-948D-F4419A920CEC}.Debug|x64.ActiveCfg = Debug|x64
		{F1428AF1-BB85-43EB-948D-F4419A920CEC}.Debug|x64.Build.0 = Debug|x64
		{F1428AF1-BB85-43EB-948D-F4419A920CEC}.Debug|x64.Deploy.0 = Debug|x64
		{F1428AF1-BB85-43EB-948D-F4419A920CEC}.Debug|ARM64.ActiveCfg = Debug|ARM64
		{F1428AF1-BB85-43EB-948D-F4419A920CEC}.Debug|ARM64.Build.0 = Debug|ARM64
		{F1428AF1-BB85-43EB-948D-F4419A920CEC}.Debug|ARM64.Deploy.0 = Debug|ARM64
		{F1428AF1-BB85-43EB-948D-F4419A920CEC}.Release|Win32.ActiveCfg = Release|Win32
		{F1428AF1-BB85-43EB-948D-F4419A920CEC}.Release|Win32.Build.0 = Release|Win32
		{F1428AF1-BB85-43EB-948D-F4419A920CEC}.Release|Win32.Deploy.0 = Release|Win32
		{F1428AF1-BB85-43EB-948D-F4419A920CEC}.Release|x64.ActiveCfg = Release|x64
		{F1428AF1-BB85-43EB-948D-F4419A920CEC}.Release|x64.Build.0 = Release|x64
		{F1428AF1-BB85-43EB-948D-F4419A920CEC}.Release|x64.Deploy.0 = Release|x64
		{F1428AF1-BB85-43EB-948D-F4419A920CEC}.Release|ARM64.ActiveCfg = Release|ARM64
		{F1428AF1-BB85-43EB-948D-F4419A920CEC}.Release|ARM64.Build.0 = Release|ARM64
		{F1428AF1-BB85-43EB-948D-F4419A920CEC}.Release|ARM64.Deploy.0 = Release|ARM64
		{EA9F99E8-C9C7-4DE4-86A4-B9A078B0EECD}.Debug|Win32.ActiveCfg = Debug|Win32
		{EA9F99E8-C9C7-4DE4-86A4-B9A078B0EECD}.Debug|Win32.Build.0 = Debug|Win32
		{EA9F99E8-C9C7-4DE4-86A4-B9A078B0EECD}.Debug|Win32.Deploy.0 = Debug|Win32
		{EA9F99E8-C9C7-4DE4-86A4-B9A078B0EECD}.Debug|x64.ActiveCfg = Debug|x64
		{EA9F99E8-C9C7-4DE4-86A4-B9A078B0EECD}.Debug|x64.Build.0 = Debug|x64
		{EA9F99E8-C9C7-4DE4-86A4-B9A078B0EECD}.Debug|x64.Deploy.0 = Debug|x64
		{EA9F99E8-C9C7-4DE4-86A4-B9A078B0EECD}.Debug|ARM64.ActiveCfg = Debug|ARM64
		{EA9F99E8-C9C7-4DE4-86A4-B9A078B0EECD}.Debug|ARM64.Build.0 = Debug|ARM64
		{EA9F99E8-C9C7-4DE4-86A4-B9A078B0EECD}.Debug|ARM64.Deploy.0 = Debug|ARM64
		{EA9F99E8-C9C7-4DE4-86A4-B9A078B0EECD}.Release|Win32.ActiveCfg = Release|Win32
		{EA9F99E8-C9C7-4DE4-86A4-B9A078B0EECD}.Release|Win32.Build.0 = Release|Win32
		{EA9F99E8-C9C7-4DE4-86A4-B9A078B0EECD}.Release|Win32.Deploy.0 = Release|Win32
		{EA9F99E8-C9C7-4DE4-86A4-B9A078B0EECD}.Release|x64.ActiveCfg = Release|x64
		{EA9F99E8-C9C7-4DE4-86A4-B9A078B0EECD}.Release|x64.Build.0 = Release|x64
		{EA9F99E8-C9C7-4DE4-86A4-B9A078B0EECD}.Release|x64.Deploy.0 = Release|x64
		{EA9F99E8-C9C7-4DE4-86A4-B9A078B0EECD}.Release|ARM64.ActiveCfg = Release|ARM64
		{EA9F99E8-C9C7-4DE4-86A4-B9A078B0EECD}.Release|ARM64.Build.0 = Release|ARM64
		{EA9F99E8-C9C7-4DE4-86A4-B9A078B0EECD}.Release|ARM64.Deploy.0 = Release|ARM64
		{19CB5819-7183-42EA-BE68-0F2029C0974F}.Debug|Win32.ActiveCfg = Debug|Win32
		{19CB5819-7183-42EA-BE68-0F2029C0974F}.Debug|Win32.Build.0 = Debug|Win32
		{19CB5819-7183-42EA-BE68-0F2029C0974F}.Debug|Win32.Deploy.0 = Debug|Win32
		{19CB5819-7183-42EA-BE68-0F2029C0974F}.Debug|x64.ActiveCfg = Debug|x64
		{19CB5819-7183-42EA-BE68-0F2029C0974F}.Debug|x64.Build.0 = Debug|x64
		{19CB5819-7183-42EA-BE68-0F2029C0974F}.Debug|x64.Deploy.0 = Debug|x64
		{19CB5819-7183-42EA-BE68-0F2029C0974F}.Debug|ARM64.ActiveCfg = Debug|ARM64
		{19CB5819-7183-42EA-BE68-0F2029C0974F}.Debug|ARM64.Build.0 = Debug|ARM64
		{19CB5819-7183-42EA-BE68-0F2029C0974F}.Debug|ARM64.Deploy.0 = Debug|ARM64
		{19CB5819-7183-42EA-BE68-0F2029C0974F}.Release|Win32.ActiveCfg = Release|Win32
		{19CB5819-7183-42EA-BE68-0F2029C0974F}.Release|Win32.Build.0 = Release|Win32
		{19CB5819-7183-42EA-BE68-0F2029C0974F}.Release|Win32.Deploy.0 = Release|Win32
		{19CB5819-7183-42EA-BE68-0F2029C0974F}.Release|x64.ActiveCfg = Release|x64
		{19CB5819-7183-42EA-BE68-0F2029C0974F}.Release|x64.Build.0 = Release|x64
		{19CB5819-7183-42EA-BE68-0F2029C0974F}.Release|x64.Deploy.0 = Release|x64
		{19CB5819-7183-42EA-BE68-0F2029C0974F}.Release|ARM64.ActiveCfg = Release|ARM64
		{19CB5819-7183-42EA-BE68-0F2029C0974F}.Release|ARM64.Build.0 = Release|ARM64
		{19CB5819-7183-42EA-BE68-0F2029C0974F}.Release|ARM64.Deploy.0 = Release|ARM64
		{5645114B-ACBC-4A9A-9227-D5C817EA3312}.Debug|Win32.ActiveCfg = Debug|Win32
		{5645114B-ACBC-4A9A-9227-D5C817EA3312}.Debug|Win32.Build.0 = Debug|Win32
		{5645114B-ACBC-4A9A-9227-D5C817EA3312}.Debug|Win32.Deploy.0 = Debug|Win32
		{5645114B-ACBC-4A9A-9227-D5C817EA3312}.Debug|x64.ActiveCfg = Debug|x64
		{5645114B-ACBC-4A9A-9227-D5C817EA3312}.Debug|x64.Build.0 = Debug|x64
		{5645114B-ACBC-4A9A-9227-D5C817EA3312}.Debug|x64.Deploy.0 = Debug|x64
		{5645114B-ACBC-4A9A-9227-D5C817EA3312}.Debug|ARM64.ActiveCfg = Debug|ARM64
		{5645114B-ACBC-4A9A-9227-D5C817EA3312}.Debug|ARM64.Build.0 = Debug|ARM64
		{5645114B-ACBC-4A9A-9227-D5C817EA3312}.Debug|ARM64.Deploy.0 = Debug|ARM64
		{5645114B-ACBC-4A9A-9227-D5C817EA3312}.Release|Win32.ActiveCfg = Release|Win32
		{5645114B-ACBC-4A9A-9227-D5C817EA3312}.Release|Win32.Build.0 = Release|Win32
		{5645114B-ACBC-4A9A-9227-D5C817EA3312}.Release|Win32.Deploy.0 = Release|Win32
		{5645114B-ACBC-4A9A-9227-D5C817EA3312}.Release|x64.ActiveCfg = Release|x64
		{5645114B-ACBC-4A9A-9227-D5C817EA3312}.Release|x64.Build.0 = Release|x64
		{5645114B-ACBC-4A9A-9227-D5C817EA3312}.Release|x64.Deploy.0 = Release|x64
		{5645114B-ACBC-4A9A-9227-D5C817EA3312}.Release|ARM64.ActiveCfg = Release|ARM64
		{5645114B-ACBC-4A9A-9227-D5C817EA3312}.Release|ARM64.Build.0 = Release|ARM64
		{5645114B-ACBC-4A9A-9227-D5C817EA3312}.Release|ARM64.Deploy.0 = Release|ARM64
		{9245B503-A45F-42DE-99C9-A5C73A0456C1}.Debug|Win32.ActiveCfg = Debug|Win32
		{9245B503-A45F-42DE-99C9-A5C73A0456C1}.Debug|Win32.Build.0 = Debug|Win32
		{9245B503-A45F-42DE-99C9-A5C73A0456C1}.Debug|Win32.Deploy.0 = Debug|Win32
		{9245B503-A45F-42DE-99C9-A5C73A0456C1}.Debug|x64.ActiveCfg = Debug|x64
		{9245B503-A45F-42DE-99C9-A5C73A0456C1}.Debug|x64.Build.0 = Debug|x64
		{9245B503-A45F-42DE-99C9-A5C73A0456C1}.Debug|x64.Deploy.0 = Debug|x64
		{9245B503-A45F-42DE-99C9-A5C73A0456C1}.Debug|ARM64.ActiveCfg = Debug|ARM64
		{9245B503-A45F-42DE-99C9-A5C73A0456C1}.Debug|ARM64.Build.0 = Debug|ARM64
		{9245B503-A45F-42DE-99C9-A5C73A0456C1}.Debug|ARM64.Deploy.0 = Debug|ARM64
		{9245B503-A45F-42DE-99C9-A5C73A0456C1}.Release|Win32.ActiveCfg = Release|Win32
		{9245B503-A45F-42DE-99C9-A5C73A0456C1}.Release|Win32.Build.0 = Release|Win32
		{9245B503-A45F-42DE-99C9-A5C73A0456C1}.Release|Win32.Deploy.0 = Release|Win32
		{9245B503-A45F-42DE-99C9-A5C73A0456C1}.Release|x64.ActiveCfg = Release|x64
		{9245B503-A45F-42DE-99C9-A5C73A0456C1}.Release|x64.Build.0 = Release|x64
		{9245B503-A45F-42DE-99C9-A5C73A0456C1}.Release|x64.Deploy.0 = Release|x64
		{9245B503-A45F-42DE-99C9-A5C73A0456C1}.Release|ARM64.ActiveCfg = Release|ARM64
		{9245B503-A45F-42DE-99C9-A5C73A0456C1}.Release|ARM64.Build.0 = Release|ARM64
		{9245B503-A45F-42DE-99C9-A5C73A0456C1}.Release|ARM64.Deploy.0 = Release|ARM64
		{4A975BDE-0946-4EB0-A500-A23CD0F87FB1}.Debug|Win32.ActiveCfg = Debug|Win32
		{4A975BDE-0946-4EB0-A500-A23CD0F87FB1}.Debug|Win32.Build.0 = Debug|Win32
		{4A975BDE-0946-4EB0-A500-A23CD0F87FB1}.Debug|Win32.Deploy.0 = Debug|Win32
		{4A975BDE-0946-4EB0-A500-A23CD0F87FB1}.Debug|x64.ActiveCfg = Debug|x64
		{4A975BDE-0946-4EB0-A500-A23CD0F87FB1}.Debug|x64.Build.0 = Debug|x64
		{4A975BDE-0946-4EB0-A500-A23CD0F87FB1}.Debug|x64.Deploy.0 = Debug|x64
		{4A975BDE-0946-4EB0-A500-A23CD0F87FB1}.Debug|ARM64.ActiveCfg = Debug|ARM64
		{4A975BDE-0946-4EB0-A500-A23CD0F87FB1}.Debug|ARM64.Build.0 = Debug|ARM64
		{4A975BDE-0946-4EB0-A500-A23CD0F87FB1}.Debug|ARM64.Deploy.0 = Debug|ARM64
		{4A975BDE-0946-4EB0-A500-A23CD0F87FB1}.Release|Win32.ActiveCfg = Release|Win32
		{4A975BDE-0946-4EB0-A500-A23CD0F87FB1}.Release|Win32.Build.0 = Release|Win32
		{4A975BDE-0946-4EB0-A500-A23CD0F87FB1}.Release|Win32.Deploy.0 = Release|Win32
		{4A975BDE-0946-4EB0-A500-A23CD0F87FB1}.Release|x64.ActiveCfg = Release|x64
		{4A975BDE-0946-4EB0-A500-A23CD0F87FB1}.Release|x64.Build.0 = Release|x64
		{4A975BDE-0946-4EB0-A500-A23CD0F87FB1}.Release|x64.Deploy.0 = Release|x64
		{4A975BDE-0946-4EB0-A500-A23CD0F87FB1}.Release|ARM64.ActiveCfg = Release|ARM64
		{4A975BDE-0946-4EB0-A500-A23CD0F87FB1}.Release|ARM64.Build.0 = Release|ARM64
		{4A975BDE-0946-4EB0-A500-A23CD0F87FB1}.Release|ARM64.Deploy.0 = Release|ARM64
		{C2BFF5BF-CEA8-4910-8606-33A7638B3FCD}.Debug|Win32.ActiveCfg = Debug|Win32
		{C2BFF5BF-CEA8-4910-8606-33A7638B3FCD}.Debug|Win32.Build.0 = Debug|Win32
		{C2BFF5BF-CEA8-4910-8606-33A7638B3FCD}.Debug|Win32.Deploy.0 = Debug|Win32
		{C2BFF5BF-CEA8-4910-8606-33A7638B3FCD}.Debug|x64.ActiveCfg = Debug|x64
		{C2BFF5BF-CEA8-4910-8606-33A7638B3FCD}.Debug|x64.Build.0 = Debug|x64
		{C2BFF5BF-CEA8-4910-8606-33A7638B3FCD}.Debug|x64.Deploy.0 = Debug|x64
		{C2BFF5BF-CEA8-4910-8606-33A7638B3FCD}.Debug|ARM64.ActiveCfg = Debug|ARM64
		{C2BFF5BF-CEA8-4910-8606-33A7638B3FCD}.Debug|ARM64.Build.0 = Debug|ARM64
		{C2BFF5BF-CEA8-4910-8606-33A7638B3FCD}.Debug|ARM64.Deploy.0 = Debug|ARM64
		{C2BFF5BF-CEA8-4910-8606-33A7638B3FCD}.Release|Win32.ActiveCfg = Release|Win32
		{C2BFF5BF-CEA8-4910-8606-33A7638B3FCD}.Release|Win32.Build.0 = Release|Win32
		{C2BFF5BF-CEA8-4910-8606-33A7638B3FCD}.Release|Win32.Deploy.0 = Release|Win32
		{C2BFF5BF-CEA8-4910-8606-33A7638B3FCD}.Release|x64.ActiveCfg = Release|x64
		{C2BFF5BF-CEA8-4910-8606-33A7638B3FCD}.Release|x64.Build.0 = Release|x64
		{C2BFF5BF-CEA8-4910-8606-33A7638B3FCD}.Release|x64.Deploy.0 = Release|x64
		{C2BFF5BF-CEA8-4910-8606-33A7638B3FCD}.Release|ARM64.ActiveCfg = Release|ARM64
		{C2BFF5BF-CEA8-4910-8606-33A7638B3FCD}.Release|ARM64.Build.0 = Release|ARM64
		{C2BFF5BF-CEA8-4910-8606-33A7638B3FCD}.Release|ARM64.Deploy.0 = Release|ARM64
		{9B571777-6CFD-468B-AD29-0E815222F9C8}.Debug|Win32.ActiveCfg = Debug|Win32
		{9B571777-6CFD-468B-AD29-0E815222F9C8}.Debug|Win32.Build.0 = Debug|Win32
		{9B571777-6CFD-468B-AD29-0E815222F9C8}.Debug|Win32.Deploy.0 = Debug|Win32
		{9B571777-6CFD-468B-AD29-0E815222F9C8}.Debug|x64.ActiveCfg = Debug|x64
		{9B571777-6CFD-468B-AD29-0E815222F9C8}.Debug|x64.Build.0 = Debug|x64
		{9B571777-6CFD-468B-AD29-0E815222F9C8}.Debug|x64.Deploy.0 = Debug|x64
		{9B571777-6CFD-468B-AD29-0E815222F9C8}.Debug|ARM64.ActiveCfg = Debug|ARM64
		{9B571777-6CFD-468B-AD29-0E815222F9C8}.Debug|ARM64.Build.0 = Debug|ARM64
		{9B571777-6CFD-468B-AD29-0E815222F9C8}.Debug|ARM64.Deploy.0 = Debug|ARM64
		{9B571777-6CFD-468B-AD29-0E815222F9C8}.Release|Win32.ActiveCfg = Release|Win32
		{9B571777-6CFD-468B-AD29-0E815222F9C8}.Release|Win32.Build.0 = Release|Win32
		{9B571777-6CFD-468B-AD29-0E815222F9C8}.Release|Win32.Deploy.0 = Release|Win32
		{9B571777-6CFD-468B-AD29-0E815222F9C8}.Release|x64.ActiveCfg = Release|x64
		{9B571777-6CFD-468B-AD29-0E815222F9C8}.Release|x64.Build.0 = Release|x64
		{9B571777-6CFD-468B-AD29-0E815222F9C8}.Release|x64.Deploy.0 = Release|x64
		{9B571777-6CFD-468B-AD29-0E815222F9C8}.Release|ARM64.ActiveCfg = Release|ARM64
		{9B571777-6CFD-468B-AD29-0E815222F9C8}.Release|ARM64.Build.0 = Release|ARM64
		{9B571777-6CFD-468B-AD29-0E815222F9C8}.Release|ARM64.Deploy.0 = Release|ARM64
		{2410E313-ABEA-497D-9330-F4EF08545928}.Debug|Win32.ActiveCfg = Debug|Win32
		{2410E313-ABEA-497D-9330-F4EF08545928}.Debug|Win32.Build.0 = Debug|Win32
		{2410E313-ABEA-497D-9330-F4EF08545928}.Debug|Win32.Deploy.0 = Debug|Win32
		{2410E313-ABEA-497D-9330-F4EF08545928}.Debug|x64.ActiveCfg = Debug|x64
		{2410E313-ABEA-497D-9330-F4EF08545928}.Debug|x64.Build.0 = Debug|x64
		{2410E313-ABEA-497D-9330-F4EF08545928}.Debug|x64.Deploy.0 = Debug|x64
		{2410E313-ABEA-497D-9330-F4EF08545928}.Debug|ARM64.ActiveCfg = Debug|ARM64
		{2410E313-ABEA-497D-9330-F4EF08545928}.Debug|ARM64.Build.0 = Debug|ARM64
		{2410E313-ABEA-497D-9330-F4EF08545928}.Debug|ARM64.Deploy.0 = Debug|ARM64
		{2410E313-ABEA-497D-9330-F4EF08545928}.Release|Win32.ActiveCfg = Release|Win32
		{2410E313-ABEA-497D-9330-F4EF08545928}.Release|Win32.Build.0 = Release|Win32
		{2410E313-ABEA-497D-9330-F4EF08545928}.Release|Win32.Deploy.0 = Release|Win32
		{2410E313-ABEA-497D-9330-F4EF08545928}.Release|x64.ActiveCfg = Release|x64
		{2410E313-ABEA-497D-9330-F4EF08545928}.Release|x64.Build.0 = Release|x64
		{2410E313-ABEA-497D-9330-F4EF08545928}.Release|x64.Deploy.0 = Release|x64
		{2410E313-ABEA-497D-9330-F4EF08545928}.Release|ARM64.ActiveCfg = Release|ARM64
		{2410E313-ABEA-497D-9330-F4EF08545928}.Release|ARM64.Build.0 = Release|ARM64
		{2410E313-ABEA-497D-9330-F4EF08545928}.Release|ARM64.Deploy.0 = Release|ARM64
		{42DE175F-21C0-472B-85D6-A58A5AE405A3}.Debug|Win32.ActiveCfg = Debug|Win32
		{42DE175F-21C0-472B-85D6-A58A5AE405A3}.Debug|Win32.Build.0 = Debug|Win32
		{42DE175F-21C0-472B-85D6-A58A5AE405A3}.Debug|Win32.Deploy.0 = Debug|Win32
		{42DE175F-21C0-472B-85D6-A58A5AE405A3}.Debug|x64.ActiveCfg = Debug|x64
		{42DE175F-21C0-472B-85D6-A58A5AE405A3}.Debug|x64.Build.0 = Debug|x64
		{42DE175F-21C0-472B-85D6-A58A5AE405A3}.Debug|x64.Deploy.0 = Debug|x64
		{42DE175F-21C0-472B-85D6-A58A5AE405A3}.Debug|ARM64.ActiveCfg = Debug|ARM64
		{42DE175F-21C0-472B-85D6-A58A5AE405A3}.Debug|ARM64.Build.0 = Debug|ARM64
		{42DE175F-21C0-472B-85D6-A58A5AE405A3}.Debug|ARM64.Deploy.0 = Debug|ARM64
		{42DE175F-21C0-472B-85D6-A58A5AE405A3}.Release|Win32.ActiveCfg = Release|Win32
		{42DE175F-21C0-472B-85D6-A58A5AE405A3}.Release|Win32.Build.0 = Release|Win32
		{42DE175F-21C0-472B-85D6-A58A5AE405A3}.Release|Win32.Deploy.0 = Release|Win32
		{42DE175F-21C0-472B-85D6-A58A5AE405A3}.Release|x64.ActiveCfg = Release|x64
		{42DE175F-21C0-472B-85D6-A58A5AE405A3}.Release|x64.Build.0 = Release|x64
		{42DE175F-21C0-472B-85D6-A58A5AE405A3}.Release|x64.Deploy.0 = Release|x64
		{42DE175F-21C0-472B-85D6-A58A5AE405A3}.Release|ARM64.ActiveCfg = Release|ARM64
		{42DE175F-21C0-472B-85D6-A58A5AE405A3}.Release|ARM64.Build.0 = Release|ARM64
		{42DE175F-21C0-472B-85D6-A58A5AE405A3}.Release|ARM64.Deploy.0 = Release|ARM64
		{BD64893B-92B2-4C0A-AC19-3F368CFD60F5}.Debug|Win32.ActiveCfg = Debug|Win32
		{BD64893B-92B2-4C0A-AC19-3F368CFD60F5}.Debug|Win32.Build.0 = Debug|Win32
		{BD64893B-92B2-4C0A-AC19-3F368CFD60F5}.Debug|Win32.Deploy.0 = Debug|Win32
		{BD64893B-92B2-4C0A-AC19-3F368CFD60F5}.Debug|x64.ActiveCfg = Debug|x64
		{BD64893B-92B2-4C0A-AC19-3F368CFD60F5}.Debug|x64.Build.0 = Debug|x64
		{BD64893B-92B2-4C0A-AC19-3F368CFD60F5}.Debug|x64.Deploy.0 = Debug|x64
		{BD64893B-92B2-4C0A-AC19-3F368CFD60F5}.Debug|ARM64.ActiveCfg = Debug|ARM64
		{BD64893B-92B2-4C0A-AC19-3F368CFD60F5}.Debug|ARM64.Build.0 = Debug|ARM64
		{BD64893B-92B2-4C0A-AC19-3F368CFD60F5}.Debug|ARM64.Deploy.0 = Debug|ARM64
		{BD64893B-92B2-4C0A-AC19-3F368CFD60F5}.Release|Win32.ActiveCfg = Release|Win32
		{BD64893B-92B2-4C0A-AC19-3F368CFD60F5}.Release|Win32.Build.0 = Release|Win32
		{BD64893B-92B2-4C0A-AC19-3F368CFD60F5}.Release|Win32.Deploy.0 = Release|Win32
		{BD64893B-92B2-4C0A-AC19-3F368CFD60F5}.Release|x64.ActiveCfg = Release|x64
		{BD64893B-92B2-4C0A-AC19-3F368CFD60F5}.Release|x64.Build.0 = Release|x64
		{BD64893B-92B2-4C0A-AC19-3F368CFD60F5}.Release|x64.Deploy.0 = Release|x64
		{BD64893B-92B2-4C0A-AC19-3F368CFD60F5}.Release|ARM64.ActiveCfg = Release|ARM64
		{BD64893B-92B2-4C0A-AC19-3F368CFD60F5}.Release|ARM64.Build.0 = Release|ARM64
		{BD64893B-92B2-4C0A-AC19-3F368CFD60F5}.Release|ARM64.Deploy.0 = Release|ARM64
	EndGlobalSection
	GlobalSection(SolutionProperties) = preSolution
		HideSolutionNode = FALSE
	EndGlobalSection
EndGlobal
